// !$*UTF8*$!
{
	archiveVersion = 1;
	classes = {
	};
	objectVersion = 46;
	objects = {

/* Begin PBXBuildFile section */
		62C2ACAA1AE8FF5B008393DE /* main.m in Sources */ = {isa = PBXBuildFile; fileRef = 62C2ACA91AE8FF5B008393DE /* main.m */; };
		62C2ACAD1AE8FF5B008393DE /* AppDelegate.m in Sources */ = {isa = PBXBuildFile; fileRef = 62C2ACAC1AE8FF5B008393DE /* AppDelegate.m */; };
		62C2ACB01AE8FF5B008393DE /* ViewController.m in Sources */ = {isa = PBXBuildFile; fileRef = 62C2ACAF1AE8FF5B008393DE /* ViewController.m */; };
		62C2ACB31AE8FF5B008393DE /* Main.storyboard in Resources */ = {isa = PBXBuildFile; fileRef = 62C2ACB11AE8FF5B008393DE /* Main.storyboard */; };
		62C2ACB51AE8FF5B008393DE /* Images.xcassets in Resources */ = {isa = PBXBuildFile; fileRef = 62C2ACB41AE8FF5B008393DE /* Images.xcassets */; };
		62C2ACB81AE8FF5B008393DE /* LaunchScreen.xib in Resources */ = {isa = PBXBuildFile; fileRef = 62C2ACB61AE8FF5B008393DE /* LaunchScreen.xib */; };
		62C2ACC41AE8FF5C008393DE /* ElStudioTests.m in Sources */ = {isa = PBXBuildFile; fileRef = 62C2ACC31AE8FF5C008393DE /* ElStudioTests.m */; };
		62C77CF51AEE905200BB3D48 /* ELCAlbumPickerController.m in Sources */ = {isa = PBXBuildFile; fileRef = 62C77CDB1AEE905200BB3D48 /* ELCAlbumPickerController.m */; };
		62C77CF61AEE905200BB3D48 /* ELCAsset.m in Sources */ = {isa = PBXBuildFile; fileRef = 62C77CDD1AEE905200BB3D48 /* ELCAsset.m */; };
		62C77CF71AEE905200BB3D48 /* ELCAssetCell.m in Sources */ = {isa = PBXBuildFile; fileRef = 62C77CDF1AEE905200BB3D48 /* ELCAssetCell.m */; };
		62C77CF81AEE905200BB3D48 /* ELCAssetTablePicker.m in Sources */ = {isa = PBXBuildFile; fileRef = 62C77CE31AEE905200BB3D48 /* ELCAssetTablePicker.m */; };
		62C77CF91AEE905200BB3D48 /* ELCConsole.m in Sources */ = {isa = PBXBuildFile; fileRef = 62C77CE51AEE905200BB3D48 /* ELCConsole.m */; };
		62C77CFA1AEE905200BB3D48 /* ELCImagePickerController.m in Sources */ = {isa = PBXBuildFile; fileRef = 62C77CE71AEE905200BB3D48 /* ELCImagePickerController.m */; };
		62C77CFB1AEE905200BB3D48 /* ELCOverlayImageView.m in Sources */ = {isa = PBXBuildFile; fileRef = 62C77CEA1AEE905200BB3D48 /* ELCOverlayImageView.m */; };
		62C77CFC1AEE905200BB3D48 /* ELCAlbumPickerController.xib in Resources */ = {isa = PBXBuildFile; fileRef = 62C77CEC1AEE905200BB3D48 /* ELCAlbumPickerController.xib */; };
		62C77CFD1AEE905200BB3D48 /* ELCAssetPicker.xib in Resources */ = {isa = PBXBuildFile; fileRef = 62C77CED1AEE905200BB3D48 /* ELCAssetPicker.xib */; };
		62C77CFE1AEE905200BB3D48 /* ELCAssetTablePicker.xib in Resources */ = {isa = PBXBuildFile; fileRef = 62C77CEE1AEE905200BB3D48 /* ELCAssetTablePicker.xib */; };
		62C77CFF1AEE905200BB3D48 /* Overlay.png in Resources */ = {isa = PBXBuildFile; fileRef = 62C77CEF1AEE905200BB3D48 /* Overlay.png */; };
		62C77D001AEE905200BB3D48 /* Overlay@2x.png in Resources */ = {isa = PBXBuildFile; fileRef = 62C77CF01AEE905200BB3D48 /* Overlay@2x.png */; };
		62C77D011AEE905200BB3D48 /* ELCImagePickerDemoAppDelegate.m in Sources */ = {isa = PBXBuildFile; fileRef = 62C77CF21AEE905200BB3D48 /* ELCImagePickerDemoAppDelegate.m */; };
		62C77D021AEE905200BB3D48 /* ELCImagePickerDemoViewController.m in Sources */ = {isa = PBXBuildFile; fileRef = 62C77CF41AEE905200BB3D48 /* ELCImagePickerDemoViewController.m */; };
		62C77D0A1AEE9BD400BB3D48 /* ShowPhotosViewController.m in Sources */ = {isa = PBXBuildFile; fileRef = 62C77D091AEE9BD400BB3D48 /* ShowPhotosViewController.m */; };
		887437F51AED917F00D0BFD2 /* MakeOrderViewController.m in Sources */ = {isa = PBXBuildFile; fileRef = 887437F41AED917F00D0BFD2 /* MakeOrderViewController.m */; };
/* End PBXBuildFile section */

/* Begin PBXContainerItemProxy section */
		62C2ACBE1AE8FF5C008393DE /* PBXContainerItemProxy */ = {
			isa = PBXContainerItemProxy;
			containerPortal = 62C2AC9C1AE8FF5B008393DE /* Project object */;
			proxyType = 1;
			remoteGlobalIDString = 62C2ACA31AE8FF5B008393DE;
			remoteInfo = ElStudio;
		};
/* End PBXContainerItemProxy section */

/* Begin PBXFileReference section */
		62C2ACA41AE8FF5B008393DE /* ElStudio.app */ = {isa = PBXFileReference; explicitFileType = wrapper.application; includeInIndex = 0; path = ElStudio.app; sourceTree = BUILT_PRODUCTS_DIR; };
		62C2ACA81AE8FF5B008393DE /* Info.plist */ = {isa = PBXFileReference; lastKnownFileType = text.plist.xml; path = Info.plist; sourceTree = "<group>"; };
		62C2ACA91AE8FF5B008393DE /* main.m */ = {isa = PBXFileReference; lastKnownFileType = sourcecode.c.objc; path = main.m; sourceTree = "<group>"; };
		62C2ACAB1AE8FF5B008393DE /* AppDelegate.h */ = {isa = PBXFileReference; lastKnownFileType = sourcecode.c.h; path = AppDelegate.h; sourceTree = "<group>"; };
		62C2ACAC1AE8FF5B008393DE /* AppDelegate.m */ = {isa = PBXFileReference; lastKnownFileType = sourcecode.c.objc; path = AppDelegate.m; sourceTree = "<group>"; };
		62C2ACAE1AE8FF5B008393DE /* ViewController.h */ = {isa = PBXFileReference; lastKnownFileType = sourcecode.c.h; path = ViewController.h; sourceTree = "<group>"; };
		62C2ACAF1AE8FF5B008393DE /* ViewController.m */ = {isa = PBXFileReference; lastKnownFileType = sourcecode.c.objc; path = ViewController.m; sourceTree = "<group>"; };
		62C2ACB21AE8FF5B008393DE /* Base */ = {isa = PBXFileReference; lastKnownFileType = file.storyboard; name = Base; path = Base.lproj/Main.storyboard; sourceTree = "<group>"; };
		62C2ACB41AE8FF5B008393DE /* Images.xcassets */ = {isa = PBXFileReference; lastKnownFileType = folder.assetcatalog; path = Images.xcassets; sourceTree = "<group>"; };
		62C2ACB71AE8FF5B008393DE /* Base */ = {isa = PBXFileReference; lastKnownFileType = file.xib; name = Base; path = Base.lproj/LaunchScreen.xib; sourceTree = "<group>"; };
		62C2ACBD1AE8FF5C008393DE /* ElStudioTests.xctest */ = {isa = PBXFileReference; explicitFileType = wrapper.cfbundle; includeInIndex = 0; path = ElStudioTests.xctest; sourceTree = BUILT_PRODUCTS_DIR; };
		62C2ACC21AE8FF5C008393DE /* Info.plist */ = {isa = PBXFileReference; lastKnownFileType = text.plist.xml; path = Info.plist; sourceTree = "<group>"; };
		62C2ACC31AE8FF5C008393DE /* ElStudioTests.m */ = {isa = PBXFileReference; lastKnownFileType = sourcecode.c.objc; path = ElStudioTests.m; sourceTree = "<group>"; };
		62C77CDA1AEE905200BB3D48 /* ELCAlbumPickerController.h */ = {isa = PBXFileReference; fileEncoding = 4; lastKnownFileType = sourcecode.c.h; path = ELCAlbumPickerController.h; sourceTree = "<group>"; };
		62C77CDB1AEE905200BB3D48 /* ELCAlbumPickerController.m */ = {isa = PBXFileReference; fileEncoding = 4; lastKnownFileType = sourcecode.c.objc; path = ELCAlbumPickerController.m; sourceTree = "<group>"; };
		62C77CDC1AEE905200BB3D48 /* ELCAsset.h */ = {isa = PBXFileReference; fileEncoding = 4; lastKnownFileType = sourcecode.c.h; path = ELCAsset.h; sourceTree = "<group>"; };
		62C77CDD1AEE905200BB3D48 /* ELCAsset.m */ = {isa = PBXFileReference; fileEncoding = 4; lastKnownFileType = sourcecode.c.objc; path = ELCAsset.m; sourceTree = "<group>"; };
		62C77CDE1AEE905200BB3D48 /* ELCAssetCell.h */ = {isa = PBXFileReference; fileEncoding = 4; lastKnownFileType = sourcecode.c.h; path = ELCAssetCell.h; sourceTree = "<group>"; };
		62C77CDF1AEE905200BB3D48 /* ELCAssetCell.m */ = {isa = PBXFileReference; fileEncoding = 4; lastKnownFileType = sourcecode.c.objc; path = ELCAssetCell.m; sourceTree = "<group>"; };
		62C77CE01AEE905200BB3D48 /* ELCAssetPickerFilterDelegate.h */ = {isa = PBXFileReference; fileEncoding = 4; lastKnownFileType = sourcecode.c.h; path = ELCAssetPickerFilterDelegate.h; sourceTree = "<group>"; };
		62C77CE11AEE905200BB3D48 /* ELCAssetSelectionDelegate.h */ = {isa = PBXFileReference; fileEncoding = 4; lastKnownFileType = sourcecode.c.h; path = ELCAssetSelectionDelegate.h; sourceTree = "<group>"; };
		62C77CE21AEE905200BB3D48 /* ELCAssetTablePicker.h */ = {isa = PBXFileReference; fileEncoding = 4; lastKnownFileType = sourcecode.c.h; path = ELCAssetTablePicker.h; sourceTree = "<group>"; };
		62C77CE31AEE905200BB3D48 /* ELCAssetTablePicker.m */ = {isa = PBXFileReference; fileEncoding = 4; lastKnownFileType = sourcecode.c.objc; path = ELCAssetTablePicker.m; sourceTree = "<group>"; };
		62C77CE41AEE905200BB3D48 /* ELCConsole.h */ = {isa = PBXFileReference; fileEncoding = 4; lastKnownFileType = sourcecode.c.h; path = ELCConsole.h; sourceTree = "<group>"; };
		62C77CE51AEE905200BB3D48 /* ELCConsole.m */ = {isa = PBXFileReference; fileEncoding = 4; lastKnownFileType = sourcecode.c.objc; path = ELCConsole.m; sourceTree = "<group>"; };
		62C77CE61AEE905200BB3D48 /* ELCImagePickerController.h */ = {isa = PBXFileReference; fileEncoding = 4; lastKnownFileType = sourcecode.c.h; path = ELCImagePickerController.h; sourceTree = "<group>"; };
		62C77CE71AEE905200BB3D48 /* ELCImagePickerController.m */ = {isa = PBXFileReference; fileEncoding = 4; lastKnownFileType = sourcecode.c.objc; path = ELCImagePickerController.m; sourceTree = "<group>"; };
		62C77CE81AEE905200BB3D48 /* ELCImagePickerHeader.h */ = {isa = PBXFileReference; fileEncoding = 4; lastKnownFileType = sourcecode.c.h; path = ELCImagePickerHeader.h; sourceTree = "<group>"; };
		62C77CE91AEE905200BB3D48 /* ELCOverlayImageView.h */ = {isa = PBXFileReference; fileEncoding = 4; lastKnownFileType = sourcecode.c.h; path = ELCOverlayImageView.h; sourceTree = "<group>"; };
		62C77CEA1AEE905200BB3D48 /* ELCOverlayImageView.m */ = {isa = PBXFileReference; fileEncoding = 4; lastKnownFileType = sourcecode.c.objc; path = ELCOverlayImageView.m; sourceTree = "<group>"; };
		62C77CEC1AEE905200BB3D48 /* ELCAlbumPickerController.xib */ = {isa = PBXFileReference; fileEncoding = 4; lastKnownFileType = file.xib; path = ELCAlbumPickerController.xib; sourceTree = "<group>"; };
		62C77CED1AEE905200BB3D48 /* ELCAssetPicker.xib */ = {isa = PBXFileReference; fileEncoding = 4; lastKnownFileType = file.xib; path = ELCAssetPicker.xib; sourceTree = "<group>"; };
		62C77CEE1AEE905200BB3D48 /* ELCAssetTablePicker.xib */ = {isa = PBXFileReference; fileEncoding = 4; lastKnownFileType = file.xib; path = ELCAssetTablePicker.xib; sourceTree = "<group>"; };
		62C77CEF1AEE905200BB3D48 /* Overlay.png */ = {isa = PBXFileReference; lastKnownFileType = image.png; path = Overlay.png; sourceTree = "<group>"; };
		62C77CF01AEE905200BB3D48 /* Overlay@2x.png */ = {isa = PBXFileReference; lastKnownFileType = image.png; path = "Overlay@2x.png"; sourceTree = "<group>"; };
		62C77CF11AEE905200BB3D48 /* ELCImagePickerDemoAppDelegate.h */ = {isa = PBXFileReference; fileEncoding = 4; lastKnownFileType = sourcecode.c.h; path = ELCImagePickerDemoAppDelegate.h; sourceTree = "<group>"; };
		62C77CF21AEE905200BB3D48 /* ELCImagePickerDemoAppDelegate.m */ = {isa = PBXFileReference; fileEncoding = 4; lastKnownFileType = sourcecode.c.objc; path = ELCImagePickerDemoAppDelegate.m; sourceTree = "<group>"; };
		62C77CF31AEE905200BB3D48 /* ELCImagePickerDemoViewController.h */ = {isa = PBXFileReference; fileEncoding = 4; lastKnownFileType = sourcecode.c.h; path = ELCImagePickerDemoViewController.h; sourceTree = "<group>"; };
		62C77CF41AEE905200BB3D48 /* ELCImagePickerDemoViewController.m */ = {isa = PBXFileReference; fileEncoding = 4; lastKnownFileType = sourcecode.c.objc; path = ELCImagePickerDemoViewController.m; sourceTree = "<group>"; };
		62C77D081AEE9BD400BB3D48 /* ShowPhotosViewController.h */ = {isa = PBXFileReference; fileEncoding = 4; lastKnownFileType = sourcecode.c.h; path = ShowPhotosViewController.h; sourceTree = "<group>"; };
		62C77D091AEE9BD400BB3D48 /* ShowPhotosViewController.m */ = {isa = PBXFileReference; fileEncoding = 4; lastKnownFileType = sourcecode.c.objc; path = ShowPhotosViewController.m; sourceTree = "<group>"; };
		887437F31AED917F00D0BFD2 /* MakeOrderViewController.h */ = {isa = PBXFileReference; fileEncoding = 4; lastKnownFileType = sourcecode.c.h; path = MakeOrderViewController.h; sourceTree = "<group>"; };
		887437F41AED917F00D0BFD2 /* MakeOrderViewController.m */ = {isa = PBXFileReference; fileEncoding = 4; lastKnownFileType = sourcecode.c.objc; path = MakeOrderViewController.m; sourceTree = "<group>"; };
/* End PBXFileReference section */

/* Begin PBXFrameworksBuildPhase section */
		62C2ACA11AE8FF5B008393DE /* Frameworks */ = {
			isa = PBXFrameworksBuildPhase;
			buildActionMask = 2147483647;
			files = (
			);
			runOnlyForDeploymentPostprocessing = 0;
		};
		62C2ACBA1AE8FF5C008393DE /* Frameworks */ = {
			isa = PBXFrameworksBuildPhase;
			buildActionMask = 2147483647;
			files = (
			);
			runOnlyForDeploymentPostprocessing = 0;
		};
/* End PBXFrameworksBuildPhase section */

/* Begin PBXGroup section */
		62C2AC9B1AE8FF5B008393DE = {
			isa = PBXGroup;
			children = (
				62C2ACA61AE8FF5B008393DE /* ElStudio */,
				62C2ACC01AE8FF5C008393DE /* ElStudioTests */,
				62C2ACA51AE8FF5B008393DE /* Products */,
			);
			sourceTree = "<group>";
		};
		62C2ACA51AE8FF5B008393DE /* Products */ = {
			isa = PBXGroup;
			children = (
				62C2ACA41AE8FF5B008393DE /* ElStudio.app */,
				62C2ACBD1AE8FF5C008393DE /* ElStudioTests.xctest */,
			);
			name = Products;
			sourceTree = "<group>";
		};
		62C2ACA61AE8FF5B008393DE /* ElStudio */ = {
			isa = PBXGroup;
			children = (
				62C77CD81AEE905100BB3D48 /* Classes */,
				887437F11AED912D00D0BFD2 /* ViewControllers */,
				62C2ACAB1AE8FF5B008393DE /* AppDelegate.h */,
				62C2ACAC1AE8FF5B008393DE /* AppDelegate.m */,
				62C2ACAE1AE8FF5B008393DE /* ViewController.h */,
				62C2ACAF1AE8FF5B008393DE /* ViewController.m */,
				62C2ACB11AE8FF5B008393DE /* Main.storyboard */,
				62C2ACB41AE8FF5B008393DE /* Images.xcassets */,
				62C2ACB61AE8FF5B008393DE /* LaunchScreen.xib */,
				62C2ACA71AE8FF5B008393DE /* Supporting Files */,
			);
			path = ElStudio;
			sourceTree = "<group>";
		};
		62C2ACA71AE8FF5B008393DE /* Supporting Files */ = {
			isa = PBXGroup;
			children = (
				62C2ACA81AE8FF5B008393DE /* Info.plist */,
				62C2ACA91AE8FF5B008393DE /* main.m */,
			);
			name = "Supporting Files";
			sourceTree = "<group>";
		};
		62C2ACC01AE8FF5C008393DE /* ElStudioTests */ = {
			isa = PBXGroup;
			children = (
				62C2ACC31AE8FF5C008393DE /* ElStudioTests.m */,
				62C2ACC11AE8FF5C008393DE /* Supporting Files */,
			);
			path = ElStudioTests;
			sourceTree = "<group>";
		};
		62C2ACC11AE8FF5C008393DE /* Supporting Files */ = {
			isa = PBXGroup;
			children = (
				62C2ACC21AE8FF5C008393DE /* Info.plist */,
			);
			name = "Supporting Files";
			sourceTree = "<group>";
		};
		62C77CD81AEE905100BB3D48 /* Classes */ = {
			isa = PBXGroup;
			children = (
				62C77CD91AEE905200BB3D48 /* ELCImagePicker */,
				62C77CF11AEE905200BB3D48 /* ELCImagePickerDemoAppDelegate.h */,
				62C77CF21AEE905200BB3D48 /* ELCImagePickerDemoAppDelegate.m */,
				62C77CF31AEE905200BB3D48 /* ELCImagePickerDemoViewController.h */,
				62C77CF41AEE905200BB3D48 /* ELCImagePickerDemoViewController.m */,
			);
			path = Classes;
			sourceTree = "<group>";
		};
		62C77CD91AEE905200BB3D48 /* ELCImagePicker */ = {
			isa = PBXGroup;
			children = (
				62C77CDA1AEE905200BB3D48 /* ELCAlbumPickerController.h */,
				62C77CDB1AEE905200BB3D48 /* ELCAlbumPickerController.m */,
				62C77CDC1AEE905200BB3D48 /* ELCAsset.h */,
				62C77CDD1AEE905200BB3D48 /* ELCAsset.m */,
				62C77CDE1AEE905200BB3D48 /* ELCAssetCell.h */,
				62C77CDF1AEE905200BB3D48 /* ELCAssetCell.m */,
				62C77CE01AEE905200BB3D48 /* ELCAssetPickerFilterDelegate.h */,
				62C77CE11AEE905200BB3D48 /* ELCAssetSelectionDelegate.h */,
				62C77CE21AEE905200BB3D48 /* ELCAssetTablePicker.h */,
				62C77CE31AEE905200BB3D48 /* ELCAssetTablePicker.m */,
				62C77CE41AEE905200BB3D48 /* ELCConsole.h */,
				62C77CE51AEE905200BB3D48 /* ELCConsole.m */,
				62C77CE61AEE905200BB3D48 /* ELCImagePickerController.h */,
				62C77CE71AEE905200BB3D48 /* ELCImagePickerController.m */,
				62C77CE81AEE905200BB3D48 /* ELCImagePickerHeader.h */,
				62C77CE91AEE905200BB3D48 /* ELCOverlayImageView.h */,
				62C77CEA1AEE905200BB3D48 /* ELCOverlayImageView.m */,
				62C77CEB1AEE905200BB3D48 /* Resources */,
			);
			path = ELCImagePicker;
			sourceTree = "<group>";
		};
		62C77CEB1AEE905200BB3D48 /* Resources */ = {
			isa = PBXGroup;
			children = (
				62C77CEC1AEE905200BB3D48 /* ELCAlbumPickerController.xib */,
				62C77CED1AEE905200BB3D48 /* ELCAssetPicker.xib */,
				62C77CEE1AEE905200BB3D48 /* ELCAssetTablePicker.xib */,
				62C77CEF1AEE905200BB3D48 /* Overlay.png */,
				62C77CF01AEE905200BB3D48 /* Overlay@2x.png */,
			);
			path = Resources;
			sourceTree = "<group>";
		};
		62C77D071AEE9B7000BB3D48 /* ShowPhotos */ = {
			isa = PBXGroup;
			children = (
				62C77D081AEE9BD400BB3D48 /* ShowPhotosViewController.h */,
				62C77D091AEE9BD400BB3D48 /* ShowPhotosViewController.m */,
			);
			name = ShowPhotos;
			sourceTree = "<group>";
		};
		887437F11AED912D00D0BFD2 /* ViewControllers */ = {
			isa = PBXGroup;
			children = (
				62C77D071AEE9B7000BB3D48 /* ShowPhotos */,
				887437F21AED914B00D0BFD2 /* MakeOrder */,
			);
			name = ViewControllers;
			sourceTree = "<group>";
		};
		887437F21AED914B00D0BFD2 /* MakeOrder */ = {
			isa = PBXGroup;
			children = (
				887437F31AED917F00D0BFD2 /* MakeOrderViewController.h */,
				887437F41AED917F00D0BFD2 /* MakeOrderViewController.m */,
			);
			name = MakeOrder;
			sourceTree = "<group>";
		};
/* End PBXGroup section */

/* Begin PBXNativeTarget section */
		62C2ACA31AE8FF5B008393DE /* ElStudio */ = {
			isa = PBXNativeTarget;
			buildConfigurationList = 62C2ACC71AE8FF5C008393DE /* Build configuration list for PBXNativeTarget "ElStudio" */;
			buildPhases = (
				62C2ACA01AE8FF5B008393DE /* Sources */,
				62C2ACA11AE8FF5B008393DE /* Frameworks */,
				62C2ACA21AE8FF5B008393DE /* Resources */,
			);
			buildRules = (
			);
			dependencies = (
			);
			name = ElStudio;
			productName = ElStudio;
			productReference = 62C2ACA41AE8FF5B008393DE /* ElStudio.app */;
			productType = "com.apple.product-type.application";
		};
		62C2ACBC1AE8FF5C008393DE /* ElStudioTests */ = {
			isa = PBXNativeTarget;
			buildConfigurationList = 62C2ACCA1AE8FF5C008393DE /* Build configuration list for PBXNativeTarget "ElStudioTests" */;
			buildPhases = (
				62C2ACB91AE8FF5C008393DE /* Sources */,
				62C2ACBA1AE8FF5C008393DE /* Frameworks */,
				62C2ACBB1AE8FF5C008393DE /* Resources */,
			);
			buildRules = (
			);
			dependencies = (
				62C2ACBF1AE8FF5C008393DE /* PBXTargetDependency */,
			);
			name = ElStudioTests;
			productName = ElStudioTests;
			productReference = 62C2ACBD1AE8FF5C008393DE /* ElStudioTests.xctest */;
			productType = "com.apple.product-type.bundle.unit-test";
		};
/* End PBXNativeTarget section */

/* Begin PBXProject section */
		62C2AC9C1AE8FF5B008393DE /* Project object */ = {
			isa = PBXProject;
			attributes = {
				LastUpgradeCheck = 0620;
				ORGANIZATIONNAME = "John Maher";
				TargetAttributes = {
					62C2ACA31AE8FF5B008393DE = {
						CreatedOnToolsVersion = 6.2;
					};
					62C2ACBC1AE8FF5C008393DE = {
						CreatedOnToolsVersion = 6.2;
						TestTargetID = 62C2ACA31AE8FF5B008393DE;
					};
				};
			};
			buildConfigurationList = 62C2AC9F1AE8FF5B008393DE /* Build configuration list for PBXProject "ElStudio" */;
			compatibilityVersion = "Xcode 3.2";
			developmentRegion = English;
			hasScannedForEncodings = 0;
			knownRegions = (
				en,
				Base,
			);
			mainGroup = 62C2AC9B1AE8FF5B008393DE;
			productRefGroup = 62C2ACA51AE8FF5B008393DE /* Products */;
			projectDirPath = "";
			projectRoot = "";
			targets = (
				62C2ACA31AE8FF5B008393DE /* ElStudio */,
				62C2ACBC1AE8FF5C008393DE /* ElStudioTests */,
			);
		};
/* End PBXProject section */

/* Begin PBXResourcesBuildPhase section */
		62C2ACA21AE8FF5B008393DE /* Resources */ = {
			isa = PBXResourcesBuildPhase;
			buildActionMask = 2147483647;
			files = (
				62C77CFE1AEE905200BB3D48 /* ELCAssetTablePicker.xib in Resources */,
				62C77CFC1AEE905200BB3D48 /* ELCAlbumPickerController.xib in Resources */,
				62C77CFF1AEE905200BB3D48 /* Overlay.png in Resources */,
				62C2ACB31AE8FF5B008393DE /* Main.storyboard in Resources */,
				62C2ACB81AE8FF5B008393DE /* LaunchScreen.xib in Resources */,
				62C77D001AEE905200BB3D48 /* Overlay@2x.png in Resources */,
				62C2ACB51AE8FF5B008393DE /* Images.xcassets in Resources */,
				62C77CFD1AEE905200BB3D48 /* ELCAssetPicker.xib in Resources */,
			);
			runOnlyForDeploymentPostprocessing = 0;
		};
		62C2ACBB1AE8FF5C008393DE /* Resources */ = {
			isa = PBXResourcesBuildPhase;
			buildActionMask = 2147483647;
			files = (
			);
			runOnlyForDeploymentPostprocessing = 0;
		};
/* End PBXResourcesBuildPhase section */

/* Begin PBXSourcesBuildPhase section */
		62C2ACA01AE8FF5B008393DE /* Sources */ = {
			isa = PBXSourcesBuildPhase;
			buildActionMask = 2147483647;
			files = (
				62C77D011AEE905200BB3D48 /* ELCImagePickerDemoAppDelegate.m in Sources */,
				62C77CF71AEE905200BB3D48 /* ELCAssetCell.m in Sources */,
				62C77CFB1AEE905200BB3D48 /* ELCOverlayImageView.m in Sources */,
				62C77CF51AEE905200BB3D48 /* ELCAlbumPickerController.m in Sources */,
				62C77D0A1AEE9BD400BB3D48 /* ShowPhotosViewController.m in Sources */,
				62C77CFA1AEE905200BB3D48 /* ELCImagePickerController.m in Sources */,
				62C77CF91AEE905200BB3D48 /* ELCConsole.m in Sources */,
				62C77CF81AEE905200BB3D48 /* ELCAssetTablePicker.m in Sources */,
				62C77CF61AEE905200BB3D48 /* ELCAsset.m in Sources */,
				62C2ACB01AE8FF5B008393DE /* ViewController.m in Sources */,
				887437F51AED917F00D0BFD2 /* MakeOrderViewController.m in Sources */,
				62C2ACAD1AE8FF5B008393DE /* AppDelegate.m in Sources */,
				62C2ACAA1AE8FF5B008393DE /* main.m in Sources */,
				62C77D021AEE905200BB3D48 /* ELCImagePickerDemoViewController.m in Sources */,
			);
			runOnlyForDeploymentPostprocessing = 0;
		};
		62C2ACB91AE8FF5C008393DE /* Sources */ = {
			isa = PBXSourcesBuildPhase;
			buildActionMask = 2147483647;
			files = (
				62C2ACC41AE8FF5C008393DE /* ElStudioTests.m in Sources */,
			);
			runOnlyForDeploymentPostprocessing = 0;
		};
/* End PBXSourcesBuildPhase section */

/* Begin PBXTargetDependency section */
		62C2ACBF1AE8FF5C008393DE /* PBXTargetDependency */ = {
			isa = PBXTargetDependency;
			target = 62C2ACA31AE8FF5B008393DE /* ElStudio */;
			targetProxy = 62C2ACBE1AE8FF5C008393DE /* PBXContainerItemProxy */;
		};
/* End PBXTargetDependency section */

/* Begin PBXVariantGroup section */
		62C2ACB11AE8FF5B008393DE /* Main.storyboard */ = {
			isa = PBXVariantGroup;
			children = (
				62C2ACB21AE8FF5B008393DE /* Base */,
			);
			name = Main.storyboard;
			sourceTree = "<group>";
		};
		62C2ACB61AE8FF5B008393DE /* LaunchScreen.xib */ = {
			isa = PBXVariantGroup;
			children = (
				62C2ACB71AE8FF5B008393DE /* Base */,
			);
			name = LaunchScreen.xib;
			sourceTree = "<group>";
		};
/* End PBXVariantGroup section */

/* Begin XCBuildConfiguration section */
		62C2ACC51AE8FF5C008393DE /* Debug */ = {
			isa = XCBuildConfiguration;
			buildSettings = {
				ALWAYS_SEARCH_USER_PATHS = NO;
				CLANG_CXX_LANGUAGE_STANDARD = "gnu++0x";
				CLANG_CXX_LIBRARY = "libc++";
				CLANG_ENABLE_MODULES = YES;
				CLANG_ENABLE_OBJC_ARC = YES;
				CLANG_WARN_BOOL_CONVERSION = YES;
				CLANG_WARN_CONSTANT_CONVERSION = YES;
				CLANG_WARN_DIRECT_OBJC_ISA_USAGE = YES_ERROR;
				CLANG_WARN_EMPTY_BODY = YES;
				CLANG_WARN_ENUM_CONVERSION = YES;
				CLANG_WARN_INT_CONVERSION = YES;
				CLANG_WARN_OBJC_ROOT_CLASS = YES_ERROR;
				CLANG_WARN_UNREACHABLE_CODE = YES;
				CLANG_WARN__DUPLICATE_METHOD_MATCH = YES;
				"CODE_SIGN_IDENTITY[sdk=iphoneos*]" = "iPhone Developer";
				COPY_PHASE_STRIP = NO;
				ENABLE_STRICT_OBJC_MSGSEND = YES;
				GCC_C_LANGUAGE_STANDARD = gnu99;
				GCC_DYNAMIC_NO_PIC = NO;
				GCC_OPTIMIZATION_LEVEL = 0;
				GCC_PREPROCESSOR_DEFINITIONS = (
					"DEBUG=1",
					"$(inherited)",
				);
				GCC_SYMBOLS_PRIVATE_EXTERN = NO;
				GCC_WARN_64_TO_32_BIT_CONVERSION = YES;
				GCC_WARN_ABOUT_RETURN_TYPE = YES_ERROR;
				GCC_WARN_UNDECLARED_SELECTOR = YES;
				GCC_WARN_UNINITIALIZED_AUTOS = YES_AGGRESSIVE;
				GCC_WARN_UNUSED_FUNCTION = YES;
				GCC_WARN_UNUSED_VARIABLE = YES;
				IPHONEOS_DEPLOYMENT_TARGET = 8.2;
				MTL_ENABLE_DEBUG_INFO = YES;
				ONLY_ACTIVE_ARCH = YES;
				SDKROOT = iphoneos;
				TARGETED_DEVICE_FAMILY = "1,2";
			};
			name = Debug;
		};
		62C2ACC61AE8FF5C008393DE /* Release */ = {
			isa = XCBuildConfiguration;
			buildSettings = {
				ALWAYS_SEARCH_USER_PATHS = NO;
				CLANG_CXX_LANGUAGE_STANDARD = "gnu++0x";
				CLANG_CXX_LIBRARY = "libc++";
				CLANG_ENABLE_MODULES = YES;
				CLANG_ENABLE_OBJC_ARC = YES;
				CLANG_WARN_BOOL_CONVERSION = YES;
				CLANG_WARN_CONSTANT_CONVERSION = YES;
				CLANG_WARN_DIRECT_OBJC_ISA_USAGE = YES_ERROR;
				CLANG_WARN_EMPTY_BODY = YES;
				CLANG_WARN_ENUM_CONVERSION = YES;
				CLANG_WARN_INT_CONVERSION = YES;
				CLANG_WARN_OBJC_ROOT_CLASS = YES_ERROR;
				CLANG_WARN_UNREACHABLE_CODE = YES;
				CLANG_WARN__DUPLICATE_METHOD_MATCH = YES;
				"CODE_SIGN_IDENTITY[sdk=iphoneos*]" = "iPhone Developer";
				COPY_PHASE_STRIP = NO;
				ENABLE_NS_ASSERTIONS = NO;
				ENABLE_STRICT_OBJC_MSGSEND = YES;
				GCC_C_LANGUAGE_STANDARD = gnu99;
				GCC_WARN_64_TO_32_BIT_CONVERSION = YES;
				GCC_WARN_ABOUT_RETURN_TYPE = YES_ERROR;
				GCC_WARN_UNDECLARED_SELECTOR = YES;
				GCC_WARN_UNINITIALIZED_AUTOS = YES_AGGRESSIVE;
				GCC_WARN_UNUSED_FUNCTION = YES;
				GCC_WARN_UNUSED_VARIABLE = YES;
				IPHONEOS_DEPLOYMENT_TARGET = 8.2;
				MTL_ENABLE_DEBUG_INFO = NO;
				SDKROOT = iphoneos;
				TARGETED_DEVICE_FAMILY = "1,2";
				VALIDATE_PRODUCT = YES;
			};
			name = Release;
		};
		62C2ACC81AE8FF5C008393DE /* Debug */ = {
			isa = XCBuildConfiguration;
			buildSettings = {
				ASSETCATALOG_COMPILER_APPICON_NAME = AppIcon;
				INFOPLIST_FILE = ElStudio/Info.plist;
				IPHONEOS_DEPLOYMENT_TARGET = 6.1;
				LD_RUNPATH_SEARCH_PATHS = "$(inherited) @executable_path/Frameworks";
				PRODUCT_NAME = "$(TARGET_NAME)";
			};
			name = Debug;
		};
		62C2ACC91AE8FF5C008393DE /* Release */ = {
			isa = XCBuildConfiguration;
			buildSettings = {
				ASSETCATALOG_COMPILER_APPICON_NAME = AppIcon;
				INFOPLIST_FILE = ElStudio/Info.plist;
				IPHONEOS_DEPLOYMENT_TARGET = 6.1;
				LD_RUNPATH_SEARCH_PATHS = "$(inherited) @executable_path/Frameworks";
				PRODUCT_NAME = "$(TARGET_NAME)";
			};
			name = Release;
		};
		62C2ACCB1AE8FF5C008393DE /* Debug */ = {
			isa = XCBuildConfiguration;
			buildSettings = {
				BUNDLE_LOADER = "$(TEST_HOST)";
				FRAMEWORK_SEARCH_PATHS = (
					"$(SDKROOT)/Developer/Library/Frameworks",
					"$(inherited)",
				);
				GCC_PREPROCESSOR_DEFINITIONS = (
					"DEBUG=1",
					"$(inherited)",
				);
				INFOPLIST_FILE = ElStudioTests/Info.plist;
				LD_RUNPATH_SEARCH_PATHS = "$(inherited) @executable_path/Frameworks @loader_path/Frameworks";
				PRODUCT_NAME = "$(TARGET_NAME)";
				TEST_HOST = "$(BUILT_PRODUCTS_DIR)/ElStudio.app/ElStudio";
			};
			name = Debug;
		};
		62C2ACCC1AE8FF5C008393DE /* Release */ = {
			isa = XCBuildConfiguration;
			buildSettings = {
				BUNDLE_LOADER = "$(TEST_HOST)";
				FRAMEWORK_SEARCH_PATHS = (
					"$(SDKROOT)/Developer/Library/Frameworks",
					"$(inherited)",
				);
				INFOPLIST_FILE = ElStudioTests/Info.plist;
				LD_RUNPATH_SEARCH_PATHS = "$(inherited) @executable_path/Frameworks @loader_path/Frameworks";
				PRODUCT_NAME = "$(TARGET_NAME)";
				TEST_HOST = "$(BUILT_PRODUCTS_DIR)/ElStudio.app/ElStudio";
			};
			name = Release;
		};
/* End XCBuildConfiguration section */

/* Begin XCConfigurationList section */
		62C2AC9F1AE8FF5B008393DE /* Build configuration list for PBXProject "ElStudio" */ = {
			isa = XCConfigurationList;
			buildConfigurations = (
				62C2ACC51AE8FF5C008393DE /* Debug */,
				62C2ACC61AE8FF5C008393DE /* Release */,
			);
			defaultConfigurationIsVisible = 0;
			defaultConfigurationName = Release;
		};
		62C2ACC71AE8FF5C008393DE /* Build configuration list for PBXNativeTarget "ElStudio" */ = {
			isa = XCConfigurationList;
			buildConfigurations = (
				62C2ACC81AE8FF5C008393DE /* Debug */,
				62C2ACC91AE8FF5C008393DE /* Release */,
			);
			defaultConfigurationIsVisible = 0;
			defaultConfigurationName = Release;
		};
		62C2ACCA1AE8FF5C008393DE /* Build configuration list for PBXNativeTarget "ElStudioTests" */ = {
			isa = XCConfigurationList;
			buildConfigurations = (
				62C2ACCB1AE8FF5C008393DE /* Debug */,
				62C2ACCC1AE8FF5C008393DE /* Release */,
			);
			defaultConfigurationIsVisible = 0;
			defaultConfigurationName = Release;
		};
/* End XCConfigurationList section */
	};
	rootObject = 62C2AC9C1AE8FF5B008393DE /* Project object */;
}
