// !$*UTF8*$!
{
	archiveVersion = 1;
	classes = {
	};
	objectVersion = 46;
	objects = {

/* Begin PBXBuildFile section */
		621741B61B14A0A200CFD754 /* UIDeviceHardware.m in Sources */ = {isa = PBXBuildFile; fileRef = 621741B51B14A0A200CFD754 /* UIDeviceHardware.m */; };
		622307AA1B04B574009973AD /* CartTableViewController.m in Sources */ = {isa = PBXBuildFile; fileRef = 622307A91B04B574009973AD /* CartTableViewController.m */; };
		6225C06F1B1602B400DFE492 /* CFNetwork.framework in Frameworks */ = {isa = PBXBuildFile; fileRef = 6225C06C1B16008200DFE492 /* CFNetwork.framework */; };
		6228FD1E1B021FF300B0D759 /* ProductsTableViewController.m in Sources */ = {isa = PBXBuildFile; fileRef = 6228FD1D1B021FF300B0D759 /* ProductsTableViewController.m */; };
		6228FD231B02253300B0D759 /* OrderItem.m in Sources */ = {isa = PBXBuildFile; fileRef = 6228FD221B02253200B0D759 /* OrderItem.m */; };
		6228FD261B0226D100B0D759 /* CurrentOrderManager.m in Sources */ = {isa = PBXBuildFile; fileRef = 6228FD251B0226D100B0D759 /* CurrentOrderManager.m */; };
		6228FD291B0231E400B0D759 /* Order.m in Sources */ = {isa = PBXBuildFile; fileRef = 6228FD281B0231E400B0D759 /* Order.m */; };
		6228FD2C1B02323600B0D759 /* WholeOrder.m in Sources */ = {isa = PBXBuildFile; fileRef = 6228FD2B1B02323600B0D759 /* WholeOrder.m */; };
		6229AE6E1B03964E00EE7FD4 /* CurrentThankYouViewController.m in Sources */ = {isa = PBXBuildFile; fileRef = 6229AE6D1B03964E00EE7FD4 /* CurrentThankYouViewController.m */; };
		6229AE721B0398C900EE7FD4 /* HomeViewController.m in Sources */ = {isa = PBXBuildFile; fileRef = 6229AE711B0398C900EE7FD4 /* HomeViewController.m */; };
		622E47A51B1B016A00E4C5E3 /* InstagramEngine.m in Sources */ = {isa = PBXBuildFile; fileRef = 622E47941B1B016A00E4C5E3 /* InstagramEngine.m */; };
		622E47A61B1B016A00E4C5E3 /* InstagramComment.m in Sources */ = {isa = PBXBuildFile; fileRef = 622E47981B1B016A00E4C5E3 /* InstagramComment.m */; };
		622E47A71B1B016A00E4C5E3 /* InstagramLocation.m in Sources */ = {isa = PBXBuildFile; fileRef = 622E479A1B1B016A00E4C5E3 /* InstagramLocation.m */; };
		622E47A81B1B016A00E4C5E3 /* InstagramMedia.m in Sources */ = {isa = PBXBuildFile; fileRef = 622E479C1B1B016A00E4C5E3 /* InstagramMedia.m */; };
		622E47A91B1B016A00E4C5E3 /* InstagramModel.m in Sources */ = {isa = PBXBuildFile; fileRef = 622E479E1B1B016A00E4C5E3 /* InstagramModel.m */; };
		622E47AA1B1B016A00E4C5E3 /* InstagramPaginationInfo.m in Sources */ = {isa = PBXBuildFile; fileRef = 622E47A01B1B016A00E4C5E3 /* InstagramPaginationInfo.m */; };
		622E47AB1B1B016A00E4C5E3 /* InstagramTag.m in Sources */ = {isa = PBXBuildFile; fileRef = 622E47A21B1B016A00E4C5E3 /* InstagramTag.m */; };
		622E47AC1B1B016A00E4C5E3 /* InstagramUser.m in Sources */ = {isa = PBXBuildFile; fileRef = 622E47A41B1B016A00E4C5E3 /* InstagramUser.m */; };
		622E47C31B1B01A100E4C5E3 /* AFHTTPRequestOperation.m in Sources */ = {isa = PBXBuildFile; fileRef = 622E47AF1B1B01A100E4C5E3 /* AFHTTPRequestOperation.m */; };
		622E47C41B1B01A100E4C5E3 /* AFHTTPRequestOperationManager.m in Sources */ = {isa = PBXBuildFile; fileRef = 622E47B11B1B01A100E4C5E3 /* AFHTTPRequestOperationManager.m */; };
		622E47C51B1B01A100E4C5E3 /* AFHTTPSessionManager.m in Sources */ = {isa = PBXBuildFile; fileRef = 622E47B31B1B01A100E4C5E3 /* AFHTTPSessionManager.m */; };
		622E47C61B1B01A100E4C5E3 /* AFNetworkReachabilityManager.m in Sources */ = {isa = PBXBuildFile; fileRef = 622E47B61B1B01A100E4C5E3 /* AFNetworkReachabilityManager.m */; };
		622E47C71B1B01A100E4C5E3 /* AFSecurityPolicy.m in Sources */ = {isa = PBXBuildFile; fileRef = 622E47B81B1B01A100E4C5E3 /* AFSecurityPolicy.m */; };
		622E47C81B1B01A100E4C5E3 /* AFURLConnectionOperation.m in Sources */ = {isa = PBXBuildFile; fileRef = 622E47BA1B1B01A100E4C5E3 /* AFURLConnectionOperation.m */; };
		622E47C91B1B01A100E4C5E3 /* AFURLRequestSerialization.m in Sources */ = {isa = PBXBuildFile; fileRef = 622E47BC1B1B01A100E4C5E3 /* AFURLRequestSerialization.m */; };
		622E47CA1B1B01A100E4C5E3 /* AFURLResponseSerialization.m in Sources */ = {isa = PBXBuildFile; fileRef = 622E47BE1B1B01A100E4C5E3 /* AFURLResponseSerialization.m */; };
		622E47CB1B1B01A100E4C5E3 /* AFURLSessionManager.m in Sources */ = {isa = PBXBuildFile; fileRef = 622E47C01B1B01A100E4C5E3 /* AFURLSessionManager.m */; };
		622E47CC1B1B01A100E4C5E3 /* UIImageView+AFNetworking.m in Sources */ = {isa = PBXBuildFile; fileRef = 622E47C21B1B01A100E4C5E3 /* UIImageView+AFNetworking.m */; };
		622E47D01B1B03CE00E4C5E3 /* InstagramViewController.m in Sources */ = {isa = PBXBuildFile; fileRef = 622E47CF1B1B03CE00E4C5E3 /* InstagramViewController.m */; };
		622E47D31B1B114C00E4C5E3 /* InstagramCollectionViewController.m in Sources */ = {isa = PBXBuildFile; fileRef = 622E47D21B1B114C00E4C5E3 /* InstagramCollectionViewController.m */; };
		622E47D91B1B129500E4C5E3 /* IKCell.m in Sources */ = {isa = PBXBuildFile; fileRef = 622E47D61B1B129500E4C5E3 /* IKCell.m */; };
		622E47DA1B1B129500E4C5E3 /* IKMediaCell.m in Sources */ = {isa = PBXBuildFile; fileRef = 622E47D81B1B129500E4C5E3 /* IKMediaCell.m */; };
		622E47DD1B1B1EDF00E4C5E3 /* IKCollectionViewController.m in Sources */ = {isa = PBXBuildFile; fileRef = 622E47DC1B1B1EDF00E4C5E3 /* IKCollectionViewController.m */; };
		622E47E01B1B22A700E4C5E3 /* IKLoginViewController.m in Sources */ = {isa = PBXBuildFile; fileRef = 622E47DF1B1B22A700E4C5E3 /* IKLoginViewController.m */; };
		628930421B11E98100076F3F /* ioapi.c in Sources */ = {isa = PBXBuildFile; fileRef = 628930161B11E98100076F3F /* ioapi.c */; };
		628930431B11E98200076F3F /* unzip.c in Sources */ = {isa = PBXBuildFile; fileRef = 628930181B11E98100076F3F /* unzip.c */; };
		628930441B11E98200076F3F /* zip.c in Sources */ = {isa = PBXBuildFile; fileRef = 6289301A1B11E98100076F3F /* zip.c */; };
		628930451B11E98200076F3F /* FileInZipInfo.m in Sources */ = {isa = PBXBuildFile; fileRef = 6289301E1B11E98100076F3F /* FileInZipInfo.m */; };
		628930461B11E98200076F3F /* ZipException.m in Sources */ = {isa = PBXBuildFile; fileRef = 628930201B11E98100076F3F /* ZipException.m */; };
		628930471B11E98200076F3F /* ZipFile.m in Sources */ = {isa = PBXBuildFile; fileRef = 628930221B11E98100076F3F /* ZipFile.m */; };
		628930481B11E98200076F3F /* ZipReadStream.m in Sources */ = {isa = PBXBuildFile; fileRef = 628930241B11E98100076F3F /* ZipReadStream.m */; };
		628930491B11E98200076F3F /* ZipWriteStream.m in Sources */ = {isa = PBXBuildFile; fileRef = 628930261B11E98100076F3F /* ZipWriteStream.m */; };
		6289304A1B11E98200076F3F /* adler32.c in Sources */ = {isa = PBXBuildFile; fileRef = 628930281B11E98100076F3F /* adler32.c */; };
		6289304B1B11E98200076F3F /* compress.c in Sources */ = {isa = PBXBuildFile; fileRef = 628930291B11E98100076F3F /* compress.c */; };
		6289304C1B11E98200076F3F /* crc32.c in Sources */ = {isa = PBXBuildFile; fileRef = 6289302A1B11E98100076F3F /* crc32.c */; };
		6289304D1B11E98200076F3F /* deflate.c in Sources */ = {isa = PBXBuildFile; fileRef = 6289302C1B11E98100076F3F /* deflate.c */; };
		6289304E1B11E98200076F3F /* gzclose.c in Sources */ = {isa = PBXBuildFile; fileRef = 6289302E1B11E98100076F3F /* gzclose.c */; };
		6289304F1B11E98200076F3F /* gzlib.c in Sources */ = {isa = PBXBuildFile; fileRef = 628930301B11E98100076F3F /* gzlib.c */; };
		628930501B11E98200076F3F /* gzread.c in Sources */ = {isa = PBXBuildFile; fileRef = 628930311B11E98100076F3F /* gzread.c */; };
		628930511B11E98200076F3F /* gzwrite.c in Sources */ = {isa = PBXBuildFile; fileRef = 628930321B11E98100076F3F /* gzwrite.c */; };
		628930521B11E98200076F3F /* infback.c in Sources */ = {isa = PBXBuildFile; fileRef = 628930331B11E98100076F3F /* infback.c */; };
		628930531B11E98200076F3F /* inffast.c in Sources */ = {isa = PBXBuildFile; fileRef = 628930341B11E98100076F3F /* inffast.c */; };
		628930541B11E98200076F3F /* inflate.c in Sources */ = {isa = PBXBuildFile; fileRef = 628930371B11E98100076F3F /* inflate.c */; };
		628930551B11E98200076F3F /* inftrees.c in Sources */ = {isa = PBXBuildFile; fileRef = 628930391B11E98100076F3F /* inftrees.c */; };
		628930561B11E98200076F3F /* trees.c in Sources */ = {isa = PBXBuildFile; fileRef = 6289303B1B11E98100076F3F /* trees.c */; };
		628930571B11E98200076F3F /* uncompr.c in Sources */ = {isa = PBXBuildFile; fileRef = 6289303D1B11E98100076F3F /* uncompr.c */; };
		628930581B11E98200076F3F /* zutil.c in Sources */ = {isa = PBXBuildFile; fileRef = 628930401B11E98100076F3F /* zutil.c */; };
		62C2ACAA1AE8FF5B008393DE /* main.m in Sources */ = {isa = PBXBuildFile; fileRef = 62C2ACA91AE8FF5B008393DE /* main.m */; };
		62C2ACAD1AE8FF5B008393DE /* AppDelegate.m in Sources */ = {isa = PBXBuildFile; fileRef = 62C2ACAC1AE8FF5B008393DE /* AppDelegate.m */; };
		62C2ACB01AE8FF5B008393DE /* ViewController.m in Sources */ = {isa = PBXBuildFile; fileRef = 62C2ACAF1AE8FF5B008393DE /* ViewController.m */; };
		62C2ACB31AE8FF5B008393DE /* Main.storyboard in Resources */ = {isa = PBXBuildFile; fileRef = 62C2ACB11AE8FF5B008393DE /* Main.storyboard */; };
		62C2ACB51AE8FF5B008393DE /* Images.xcassets in Resources */ = {isa = PBXBuildFile; fileRef = 62C2ACB41AE8FF5B008393DE /* Images.xcassets */; };
		62C2ACB81AE8FF5B008393DE /* LaunchScreen.xib in Resources */ = {isa = PBXBuildFile; fileRef = 62C2ACB61AE8FF5B008393DE /* LaunchScreen.xib */; };
		62C2ACC41AE8FF5C008393DE /* ElStudioTests.m in Sources */ = {isa = PBXBuildFile; fileRef = 62C2ACC31AE8FF5C008393DE /* ElStudioTests.m */; };
		62C77CF51AEE905200BB3D48 /* ELCAlbumPickerController.m in Sources */ = {isa = PBXBuildFile; fileRef = 62C77CDB1AEE905200BB3D48 /* ELCAlbumPickerController.m */; };
		62C77CF61AEE905200BB3D48 /* ELCAsset.m in Sources */ = {isa = PBXBuildFile; fileRef = 62C77CDD1AEE905200BB3D48 /* ELCAsset.m */; };
		62C77CF71AEE905200BB3D48 /* ELCAssetCell.m in Sources */ = {isa = PBXBuildFile; fileRef = 62C77CDF1AEE905200BB3D48 /* ELCAssetCell.m */; };
		62C77CF81AEE905200BB3D48 /* ELCAssetTablePicker.m in Sources */ = {isa = PBXBuildFile; fileRef = 62C77CE31AEE905200BB3D48 /* ELCAssetTablePicker.m */; };
		62C77CF91AEE905200BB3D48 /* ELCConsole.m in Sources */ = {isa = PBXBuildFile; fileRef = 62C77CE51AEE905200BB3D48 /* ELCConsole.m */; };
		62C77CFA1AEE905200BB3D48 /* ELCImagePickerController.m in Sources */ = {isa = PBXBuildFile; fileRef = 62C77CE71AEE905200BB3D48 /* ELCImagePickerController.m */; };
		62C77CFB1AEE905200BB3D48 /* ELCOverlayImageView.m in Sources */ = {isa = PBXBuildFile; fileRef = 62C77CEA1AEE905200BB3D48 /* ELCOverlayImageView.m */; };
		62C77CFC1AEE905200BB3D48 /* ELCAlbumPickerController.xib in Resources */ = {isa = PBXBuildFile; fileRef = 62C77CEC1AEE905200BB3D48 /* ELCAlbumPickerController.xib */; };
		62C77CFD1AEE905200BB3D48 /* ELCAssetPicker.xib in Resources */ = {isa = PBXBuildFile; fileRef = 62C77CED1AEE905200BB3D48 /* ELCAssetPicker.xib */; };
		62C77CFE1AEE905200BB3D48 /* ELCAssetTablePicker.xib in Resources */ = {isa = PBXBuildFile; fileRef = 62C77CEE1AEE905200BB3D48 /* ELCAssetTablePicker.xib */; };
		62C77CFF1AEE905200BB3D48 /* Overlay.png in Resources */ = {isa = PBXBuildFile; fileRef = 62C77CEF1AEE905200BB3D48 /* Overlay.png */; };
		62C77D001AEE905200BB3D48 /* Overlay@2x.png in Resources */ = {isa = PBXBuildFile; fileRef = 62C77CF01AEE905200BB3D48 /* Overlay@2x.png */; };
		62C77D011AEE905200BB3D48 /* ELCImagePickerDemoAppDelegate.m in Sources */ = {isa = PBXBuildFile; fileRef = 62C77CF21AEE905200BB3D48 /* ELCImagePickerDemoAppDelegate.m */; };
		62C77D021AEE905200BB3D48 /* ELCImagePickerDemoViewController.m in Sources */ = {isa = PBXBuildFile; fileRef = 62C77CF41AEE905200BB3D48 /* ELCImagePickerDemoViewController.m */; };
		62C77D111AEEA04A00BB3D48 /* ShowImagesViewController.m in Sources */ = {isa = PBXBuildFile; fileRef = 62C77D101AEEA04A00BB3D48 /* ShowImagesViewController.m */; };
		62C77D151AEEA07700BB3D48 /* ShowImageTableViewCell.m in Sources */ = {isa = PBXBuildFile; fileRef = 62C77D131AEEA07700BB3D48 /* ShowImageTableViewCell.m */; };
		62C77D161AEEA07700BB3D48 /* ShowImageTableViewCell.xib in Resources */ = {isa = PBXBuildFile; fileRef = 62C77D141AEEA07700BB3D48 /* ShowImageTableViewCell.xib */; };
		62C7C2E51AEF7B8700563DD6 /* AffineImageViewController.m in Sources */ = {isa = PBXBuildFile; fileRef = 62C7C2E41AEF7B8700563DD6 /* AffineImageViewController.m */; };
		881CA39A1AF5307A0097FEBE /* GRRequestsManager.m in Sources */ = {isa = PBXBuildFile; fileRef = 881CA3821AF5307A0097FEBE /* GRRequestsManager.m */; };
		881CA39B1AF5307A0097FEBE /* README.md in Sources */ = {isa = PBXBuildFile; fileRef = 881CA3841AF5307A0097FEBE /* README.md */; };
		881CA39C1AF5307A0097FEBE /* GRCreateDirectoryRequest.m in Sources */ = {isa = PBXBuildFile; fileRef = 881CA3871AF5307A0097FEBE /* GRCreateDirectoryRequest.m */; };
		881CA39D1AF5307A0097FEBE /* GRDeleteRequest.m in Sources */ = {isa = PBXBuildFile; fileRef = 881CA3891AF5307A0097FEBE /* GRDeleteRequest.m */; };
		881CA39E1AF5307A0097FEBE /* GRDownloadRequest.m in Sources */ = {isa = PBXBuildFile; fileRef = 881CA38B1AF5307A0097FEBE /* GRDownloadRequest.m */; };
		881CA39F1AF5307A0097FEBE /* GRListingRequest.m in Sources */ = {isa = PBXBuildFile; fileRef = 881CA38D1AF5307A0097FEBE /* GRListingRequest.m */; };
		881CA3A01AF5307A0097FEBE /* GRRequest.m in Sources */ = {isa = PBXBuildFile; fileRef = 881CA38F1AF5307A0097FEBE /* GRRequest.m */; };
		881CA3A11AF5307A0097FEBE /* GRUploadRequest.m in Sources */ = {isa = PBXBuildFile; fileRef = 881CA3921AF5307A0097FEBE /* GRUploadRequest.m */; };
		881CA3A21AF5307A0097FEBE /* GRError.m in Sources */ = {isa = PBXBuildFile; fileRef = 881CA3951AF5307A0097FEBE /* GRError.m */; };
		881CA3A31AF5307A0097FEBE /* GRQueue.m in Sources */ = {isa = PBXBuildFile; fileRef = 881CA3971AF5307A0097FEBE /* GRQueue.m */; };
		881CA3A41AF5307A0097FEBE /* GRStreamInfo.m in Sources */ = {isa = PBXBuildFile; fileRef = 881CA3991AF5307A0097FEBE /* GRStreamInfo.m */; };
		887437F51AED917F00D0BFD2 /* MakeOrderViewController.m in Sources */ = {isa = PBXBuildFile; fileRef = 887437F41AED917F00D0BFD2 /* MakeOrderViewController.m */; };
/* End PBXBuildFile section */

/* Begin PBXContainerItemProxy section */
		62C2ACBE1AE8FF5C008393DE /* PBXContainerItemProxy */ = {
			isa = PBXContainerItemProxy;
			containerPortal = 62C2AC9C1AE8FF5B008393DE /* Project object */;
			proxyType = 1;
			remoteGlobalIDString = 62C2ACA31AE8FF5B008393DE;
			remoteInfo = ElStudio;
		};
/* End PBXContainerItemProxy section */

/* Begin PBXFileReference section */
		621741B41B14A0A200CFD754 /* UIDeviceHardware.h */ = {isa = PBXFileReference; fileEncoding = 4; lastKnownFileType = sourcecode.c.h; path = UIDeviceHardware.h; sourceTree = "<group>"; };
		621741B51B14A0A200CFD754 /* UIDeviceHardware.m */ = {isa = PBXFileReference; fileEncoding = 4; lastKnownFileType = sourcecode.c.objc; path = UIDeviceHardware.m; sourceTree = "<group>"; };
		622307A81B04B574009973AD /* CartTableViewController.h */ = {isa = PBXFileReference; fileEncoding = 4; lastKnownFileType = sourcecode.c.h; path = CartTableViewController.h; sourceTree = "<group>"; };
		622307A91B04B574009973AD /* CartTableViewController.m */ = {isa = PBXFileReference; fileEncoding = 4; lastKnownFileType = sourcecode.c.objc; path = CartTableViewController.m; sourceTree = "<group>"; };
		6225C06C1B16008200DFE492 /* CFNetwork.framework */ = {isa = PBXFileReference; lastKnownFileType = wrapper.framework; name = CFNetwork.framework; path = System/Library/Frameworks/CFNetwork.framework; sourceTree = SDKROOT; };
		6228FD1C1B021FF300B0D759 /* ProductsTableViewController.h */ = {isa = PBXFileReference; fileEncoding = 4; lastKnownFileType = sourcecode.c.h; path = ProductsTableViewController.h; sourceTree = "<group>"; };
		6228FD1D1B021FF300B0D759 /* ProductsTableViewController.m */ = {isa = PBXFileReference; fileEncoding = 4; lastKnownFileType = sourcecode.c.objc; path = ProductsTableViewController.m; sourceTree = "<group>"; };
		6228FD211B02253200B0D759 /* OrderItem.h */ = {isa = PBXFileReference; fileEncoding = 4; lastKnownFileType = sourcecode.c.h; path = OrderItem.h; sourceTree = "<group>"; };
		6228FD221B02253200B0D759 /* OrderItem.m */ = {isa = PBXFileReference; fileEncoding = 4; lastKnownFileType = sourcecode.c.objc; path = OrderItem.m; sourceTree = "<group>"; };
		6228FD241B0226D100B0D759 /* CurrentOrderManager.h */ = {isa = PBXFileReference; fileEncoding = 4; lastKnownFileType = sourcecode.c.h; path = CurrentOrderManager.h; sourceTree = "<group>"; };
		6228FD251B0226D100B0D759 /* CurrentOrderManager.m */ = {isa = PBXFileReference; fileEncoding = 4; lastKnownFileType = sourcecode.c.objc; path = CurrentOrderManager.m; sourceTree = "<group>"; };
		6228FD271B0231E400B0D759 /* Order.h */ = {isa = PBXFileReference; fileEncoding = 4; lastKnownFileType = sourcecode.c.h; path = Order.h; sourceTree = "<group>"; };
		6228FD281B0231E400B0D759 /* Order.m */ = {isa = PBXFileReference; fileEncoding = 4; lastKnownFileType = sourcecode.c.objc; path = Order.m; sourceTree = "<group>"; };
		6228FD2A1B02323600B0D759 /* WholeOrder.h */ = {isa = PBXFileReference; fileEncoding = 4; lastKnownFileType = sourcecode.c.h; path = WholeOrder.h; sourceTree = "<group>"; };
		6228FD2B1B02323600B0D759 /* WholeOrder.m */ = {isa = PBXFileReference; fileEncoding = 4; lastKnownFileType = sourcecode.c.objc; path = WholeOrder.m; sourceTree = "<group>"; };
		6229AE6C1B03964E00EE7FD4 /* CurrentThankYouViewController.h */ = {isa = PBXFileReference; fileEncoding = 4; lastKnownFileType = sourcecode.c.h; path = CurrentThankYouViewController.h; sourceTree = "<group>"; };
		6229AE6D1B03964E00EE7FD4 /* CurrentThankYouViewController.m */ = {isa = PBXFileReference; fileEncoding = 4; lastKnownFileType = sourcecode.c.objc; path = CurrentThankYouViewController.m; sourceTree = "<group>"; };
		6229AE701B0398C800EE7FD4 /* HomeViewController.h */ = {isa = PBXFileReference; fileEncoding = 4; lastKnownFileType = sourcecode.c.h; path = HomeViewController.h; sourceTree = "<group>"; };
		6229AE711B0398C900EE7FD4 /* HomeViewController.m */ = {isa = PBXFileReference; fileEncoding = 4; lastKnownFileType = sourcecode.c.objc; path = HomeViewController.m; sourceTree = "<group>"; };
		622E47931B1B016A00E4C5E3 /* InstagramEngine.h */ = {isa = PBXFileReference; fileEncoding = 4; lastKnownFileType = sourcecode.c.h; path = InstagramEngine.h; sourceTree = "<group>"; };
		622E47941B1B016A00E4C5E3 /* InstagramEngine.m */ = {isa = PBXFileReference; fileEncoding = 4; lastKnownFileType = sourcecode.c.objc; path = InstagramEngine.m; sourceTree = "<group>"; };
		622E47951B1B016A00E4C5E3 /* InstagramKit.h */ = {isa = PBXFileReference; fileEncoding = 4; lastKnownFileType = sourcecode.c.h; path = InstagramKit.h; sourceTree = "<group>"; };
		622E47971B1B016A00E4C5E3 /* InstagramComment.h */ = {isa = PBXFileReference; fileEncoding = 4; lastKnownFileType = sourcecode.c.h; path = InstagramComment.h; sourceTree = "<group>"; };
		622E47981B1B016A00E4C5E3 /* InstagramComment.m */ = {isa = PBXFileReference; fileEncoding = 4; lastKnownFileType = sourcecode.c.objc; path = InstagramComment.m; sourceTree = "<group>"; };
		622E47991B1B016A00E4C5E3 /* InstagramLocation.h */ = {isa = PBXFileReference; fileEncoding = 4; lastKnownFileType = sourcecode.c.h; path = InstagramLocation.h; sourceTree = "<group>"; };
		622E479A1B1B016A00E4C5E3 /* InstagramLocation.m */ = {isa = PBXFileReference; fileEncoding = 4; lastKnownFileType = sourcecode.c.objc; path = InstagramLocation.m; sourceTree = "<group>"; };
		622E479B1B1B016A00E4C5E3 /* InstagramMedia.h */ = {isa = PBXFileReference; fileEncoding = 4; lastKnownFileType = sourcecode.c.h; path = InstagramMedia.h; sourceTree = "<group>"; };
		622E479C1B1B016A00E4C5E3 /* InstagramMedia.m */ = {isa = PBXFileReference; fileEncoding = 4; lastKnownFileType = sourcecode.c.objc; path = InstagramMedia.m; sourceTree = "<group>"; };
		622E479D1B1B016A00E4C5E3 /* InstagramModel.h */ = {isa = PBXFileReference; fileEncoding = 4; lastKnownFileType = sourcecode.c.h; path = InstagramModel.h; sourceTree = "<group>"; };
		622E479E1B1B016A00E4C5E3 /* InstagramModel.m */ = {isa = PBXFileReference; fileEncoding = 4; lastKnownFileType = sourcecode.c.objc; path = InstagramModel.m; sourceTree = "<group>"; };
		622E479F1B1B016A00E4C5E3 /* InstagramPaginationInfo.h */ = {isa = PBXFileReference; fileEncoding = 4; lastKnownFileType = sourcecode.c.h; path = InstagramPaginationInfo.h; sourceTree = "<group>"; };
		622E47A01B1B016A00E4C5E3 /* InstagramPaginationInfo.m */ = {isa = PBXFileReference; fileEncoding = 4; lastKnownFileType = sourcecode.c.objc; path = InstagramPaginationInfo.m; sourceTree = "<group>"; };
		622E47A11B1B016A00E4C5E3 /* InstagramTag.h */ = {isa = PBXFileReference; fileEncoding = 4; lastKnownFileType = sourcecode.c.h; path = InstagramTag.h; sourceTree = "<group>"; };
		622E47A21B1B016A00E4C5E3 /* InstagramTag.m */ = {isa = PBXFileReference; fileEncoding = 4; lastKnownFileType = sourcecode.c.objc; path = InstagramTag.m; sourceTree = "<group>"; };
		622E47A31B1B016A00E4C5E3 /* InstagramUser.h */ = {isa = PBXFileReference; fileEncoding = 4; lastKnownFileType = sourcecode.c.h; path = InstagramUser.h; sourceTree = "<group>"; };
		622E47A41B1B016A00E4C5E3 /* InstagramUser.m */ = {isa = PBXFileReference; fileEncoding = 4; lastKnownFileType = sourcecode.c.objc; path = InstagramUser.m; sourceTree = "<group>"; };
		622E47AE1B1B01A100E4C5E3 /* AFHTTPRequestOperation.h */ = {isa = PBXFileReference; fileEncoding = 4; lastKnownFileType = sourcecode.c.h; path = AFHTTPRequestOperation.h; sourceTree = "<group>"; };
		622E47AF1B1B01A100E4C5E3 /* AFHTTPRequestOperation.m */ = {isa = PBXFileReference; fileEncoding = 4; lastKnownFileType = sourcecode.c.objc; path = AFHTTPRequestOperation.m; sourceTree = "<group>"; };
		622E47B01B1B01A100E4C5E3 /* AFHTTPRequestOperationManager.h */ = {isa = PBXFileReference; fileEncoding = 4; lastKnownFileType = sourcecode.c.h; path = AFHTTPRequestOperationManager.h; sourceTree = "<group>"; };
		622E47B11B1B01A100E4C5E3 /* AFHTTPRequestOperationManager.m */ = {isa = PBXFileReference; fileEncoding = 4; lastKnownFileType = sourcecode.c.objc; path = AFHTTPRequestOperationManager.m; sourceTree = "<group>"; };
		622E47B21B1B01A100E4C5E3 /* AFHTTPSessionManager.h */ = {isa = PBXFileReference; fileEncoding = 4; lastKnownFileType = sourcecode.c.h; path = AFHTTPSessionManager.h; sourceTree = "<group>"; };
		622E47B31B1B01A100E4C5E3 /* AFHTTPSessionManager.m */ = {isa = PBXFileReference; fileEncoding = 4; lastKnownFileType = sourcecode.c.objc; path = AFHTTPSessionManager.m; sourceTree = "<group>"; };
		622E47B41B1B01A100E4C5E3 /* AFNetworking.h */ = {isa = PBXFileReference; fileEncoding = 4; lastKnownFileType = sourcecode.c.h; path = AFNetworking.h; sourceTree = "<group>"; };
		622E47B51B1B01A100E4C5E3 /* AFNetworkReachabilityManager.h */ = {isa = PBXFileReference; fileEncoding = 4; lastKnownFileType = sourcecode.c.h; path = AFNetworkReachabilityManager.h; sourceTree = "<group>"; };
		622E47B61B1B01A100E4C5E3 /* AFNetworkReachabilityManager.m */ = {isa = PBXFileReference; fileEncoding = 4; lastKnownFileType = sourcecode.c.objc; path = AFNetworkReachabilityManager.m; sourceTree = "<group>"; };
		622E47B71B1B01A100E4C5E3 /* AFSecurityPolicy.h */ = {isa = PBXFileReference; fileEncoding = 4; lastKnownFileType = sourcecode.c.h; path = AFSecurityPolicy.h; sourceTree = "<group>"; };
		622E47B81B1B01A100E4C5E3 /* AFSecurityPolicy.m */ = {isa = PBXFileReference; fileEncoding = 4; lastKnownFileType = sourcecode.c.objc; path = AFSecurityPolicy.m; sourceTree = "<group>"; };
		622E47B91B1B01A100E4C5E3 /* AFURLConnectionOperation.h */ = {isa = PBXFileReference; fileEncoding = 4; lastKnownFileType = sourcecode.c.h; path = AFURLConnectionOperation.h; sourceTree = "<group>"; };
		622E47BA1B1B01A100E4C5E3 /* AFURLConnectionOperation.m */ = {isa = PBXFileReference; fileEncoding = 4; lastKnownFileType = sourcecode.c.objc; path = AFURLConnectionOperation.m; sourceTree = "<group>"; };
		622E47BB1B1B01A100E4C5E3 /* AFURLRequestSerialization.h */ = {isa = PBXFileReference; fileEncoding = 4; lastKnownFileType = sourcecode.c.h; path = AFURLRequestSerialization.h; sourceTree = "<group>"; };
		622E47BC1B1B01A100E4C5E3 /* AFURLRequestSerialization.m */ = {isa = PBXFileReference; fileEncoding = 4; lastKnownFileType = sourcecode.c.objc; path = AFURLRequestSerialization.m; sourceTree = "<group>"; };
		622E47BD1B1B01A100E4C5E3 /* AFURLResponseSerialization.h */ = {isa = PBXFileReference; fileEncoding = 4; lastKnownFileType = sourcecode.c.h; path = AFURLResponseSerialization.h; sourceTree = "<group>"; };
		622E47BE1B1B01A100E4C5E3 /* AFURLResponseSerialization.m */ = {isa = PBXFileReference; fileEncoding = 4; lastKnownFileType = sourcecode.c.objc; path = AFURLResponseSerialization.m; sourceTree = "<group>"; };
		622E47BF1B1B01A100E4C5E3 /* AFURLSessionManager.h */ = {isa = PBXFileReference; fileEncoding = 4; lastKnownFileType = sourcecode.c.h; path = AFURLSessionManager.h; sourceTree = "<group>"; };
		622E47C01B1B01A100E4C5E3 /* AFURLSessionManager.m */ = {isa = PBXFileReference; fileEncoding = 4; lastKnownFileType = sourcecode.c.objc; path = AFURLSessionManager.m; sourceTree = "<group>"; };
		622E47C11B1B01A100E4C5E3 /* UIImageView+AFNetworking.h */ = {isa = PBXFileReference; fileEncoding = 4; lastKnownFileType = sourcecode.c.h; path = "UIImageView+AFNetworking.h"; sourceTree = "<group>"; };
		622E47C21B1B01A100E4C5E3 /* UIImageView+AFNetworking.m */ = {isa = PBXFileReference; fileEncoding = 4; lastKnownFileType = sourcecode.c.objc; path = "UIImageView+AFNetworking.m"; sourceTree = "<group>"; };
		622E47CE1B1B03CE00E4C5E3 /* InstagramViewController.h */ = {isa = PBXFileReference; fileEncoding = 4; lastKnownFileType = sourcecode.c.h; path = InstagramViewController.h; sourceTree = "<group>"; };
		622E47CF1B1B03CE00E4C5E3 /* InstagramViewController.m */ = {isa = PBXFileReference; fileEncoding = 4; lastKnownFileType = sourcecode.c.objc; path = InstagramViewController.m; sourceTree = "<group>"; };
		622E47D11B1B114C00E4C5E3 /* InstagramCollectionViewController.h */ = {isa = PBXFileReference; fileEncoding = 4; lastKnownFileType = sourcecode.c.h; path = InstagramCollectionViewController.h; sourceTree = "<group>"; };
		622E47D21B1B114C00E4C5E3 /* InstagramCollectionViewController.m */ = {isa = PBXFileReference; fileEncoding = 4; lastKnownFileType = sourcecode.c.objc; path = InstagramCollectionViewController.m; sourceTree = "<group>"; };
		622E47D51B1B129500E4C5E3 /* IKCell.h */ = {isa = PBXFileReference; fileEncoding = 4; lastKnownFileType = sourcecode.c.h; path = IKCell.h; sourceTree = "<group>"; };
		622E47D61B1B129500E4C5E3 /* IKCell.m */ = {isa = PBXFileReference; fileEncoding = 4; lastKnownFileType = sourcecode.c.objc; path = IKCell.m; sourceTree = "<group>"; };
		622E47D71B1B129500E4C5E3 /* IKMediaCell.h */ = {isa = PBXFileReference; fileEncoding = 4; lastKnownFileType = sourcecode.c.h; path = IKMediaCell.h; sourceTree = "<group>"; };
		622E47D81B1B129500E4C5E3 /* IKMediaCell.m */ = {isa = PBXFileReference; fileEncoding = 4; lastKnownFileType = sourcecode.c.objc; path = IKMediaCell.m; sourceTree = "<group>"; };
		622E47DB1B1B1EDF00E4C5E3 /* IKCollectionViewController.h */ = {isa = PBXFileReference; fileEncoding = 4; lastKnownFileType = sourcecode.c.h; path = IKCollectionViewController.h; sourceTree = "<group>"; };
		622E47DC1B1B1EDF00E4C5E3 /* IKCollectionViewController.m */ = {isa = PBXFileReference; fileEncoding = 4; lastKnownFileType = sourcecode.c.objc; path = IKCollectionViewController.m; sourceTree = "<group>"; };
		622E47DE1B1B22A700E4C5E3 /* IKLoginViewController.h */ = {isa = PBXFileReference; fileEncoding = 4; lastKnownFileType = sourcecode.c.h; path = IKLoginViewController.h; sourceTree = "<group>"; };
		622E47DF1B1B22A700E4C5E3 /* IKLoginViewController.m */ = {isa = PBXFileReference; fileEncoding = 4; lastKnownFileType = sourcecode.c.objc; path = IKLoginViewController.m; sourceTree = "<group>"; };
		628930131B11E98100076F3F /* ARCHelper.h */ = {isa = PBXFileReference; fileEncoding = 4; lastKnownFileType = sourcecode.c.h; path = ARCHelper.h; sourceTree = "<group>"; };
		628930151B11E98100076F3F /* crypt.h */ = {isa = PBXFileReference; fileEncoding = 4; lastKnownFileType = sourcecode.c.h; path = crypt.h; sourceTree = "<group>"; };
		628930161B11E98100076F3F /* ioapi.c */ = {isa = PBXFileReference; fileEncoding = 4; lastKnownFileType = sourcecode.c.c; path = ioapi.c; sourceTree = "<group>"; };
		628930171B11E98100076F3F /* ioapi.h */ = {isa = PBXFileReference; fileEncoding = 4; lastKnownFileType = sourcecode.c.h; path = ioapi.h; sourceTree = "<group>"; };
		628930181B11E98100076F3F /* unzip.c */ = {isa = PBXFileReference; fileEncoding = 4; lastKnownFileType = sourcecode.c.c; path = unzip.c; sourceTree = "<group>"; };
		628930191B11E98100076F3F /* unzip.h */ = {isa = PBXFileReference; fileEncoding = 4; lastKnownFileType = sourcecode.c.h; path = unzip.h; sourceTree = "<group>"; };
		6289301A1B11E98100076F3F /* zip.c */ = {isa = PBXFileReference; fileEncoding = 4; lastKnownFileType = sourcecode.c.c; path = zip.c; sourceTree = "<group>"; };
		6289301B1B11E98100076F3F /* zip.h */ = {isa = PBXFileReference; fileEncoding = 4; lastKnownFileType = sourcecode.c.h; path = zip.h; sourceTree = "<group>"; };
		6289301D1B11E98100076F3F /* FileInZipInfo.h */ = {isa = PBXFileReference; fileEncoding = 4; lastKnownFileType = sourcecode.c.h; path = FileInZipInfo.h; sourceTree = "<group>"; };
		6289301E1B11E98100076F3F /* FileInZipInfo.m */ = {isa = PBXFileReference; fileEncoding = 4; lastKnownFileType = sourcecode.c.objc; path = FileInZipInfo.m; sourceTree = "<group>"; };
		6289301F1B11E98100076F3F /* ZipException.h */ = {isa = PBXFileReference; fileEncoding = 4; lastKnownFileType = sourcecode.c.h; path = ZipException.h; sourceTree = "<group>"; };
		628930201B11E98100076F3F /* ZipException.m */ = {isa = PBXFileReference; fileEncoding = 4; lastKnownFileType = sourcecode.c.objc; path = ZipException.m; sourceTree = "<group>"; };
		628930211B11E98100076F3F /* ZipFile.h */ = {isa = PBXFileReference; fileEncoding = 4; lastKnownFileType = sourcecode.c.h; path = ZipFile.h; sourceTree = "<group>"; };
		628930221B11E98100076F3F /* ZipFile.m */ = {isa = PBXFileReference; fileEncoding = 4; lastKnownFileType = sourcecode.c.objc; path = ZipFile.m; sourceTree = "<group>"; };
		628930231B11E98100076F3F /* ZipReadStream.h */ = {isa = PBXFileReference; fileEncoding = 4; lastKnownFileType = sourcecode.c.h; path = ZipReadStream.h; sourceTree = "<group>"; };
		628930241B11E98100076F3F /* ZipReadStream.m */ = {isa = PBXFileReference; fileEncoding = 4; lastKnownFileType = sourcecode.c.objc; path = ZipReadStream.m; sourceTree = "<group>"; };
		628930251B11E98100076F3F /* ZipWriteStream.h */ = {isa = PBXFileReference; fileEncoding = 4; lastKnownFileType = sourcecode.c.h; path = ZipWriteStream.h; sourceTree = "<group>"; };
		628930261B11E98100076F3F /* ZipWriteStream.m */ = {isa = PBXFileReference; fileEncoding = 4; lastKnownFileType = sourcecode.c.objc; path = ZipWriteStream.m; sourceTree = "<group>"; };
		628930281B11E98100076F3F /* adler32.c */ = {isa = PBXFileReference; fileEncoding = 4; lastKnownFileType = sourcecode.c.c; path = adler32.c; sourceTree = "<group>"; };
		628930291B11E98100076F3F /* compress.c */ = {isa = PBXFileReference; fileEncoding = 4; lastKnownFileType = sourcecode.c.c; path = compress.c; sourceTree = "<group>"; };
		6289302A1B11E98100076F3F /* crc32.c */ = {isa = PBXFileReference; fileEncoding = 4; lastKnownFileType = sourcecode.c.c; path = crc32.c; sourceTree = "<group>"; };
		6289302B1B11E98100076F3F /* crc32.h */ = {isa = PBXFileReference; fileEncoding = 4; lastKnownFileType = sourcecode.c.h; path = crc32.h; sourceTree = "<group>"; };
		6289302C1B11E98100076F3F /* deflate.c */ = {isa = PBXFileReference; fileEncoding = 4; lastKnownFileType = sourcecode.c.c; path = deflate.c; sourceTree = "<group>"; };
		6289302D1B11E98100076F3F /* deflate.h */ = {isa = PBXFileReference; fileEncoding = 4; lastKnownFileType = sourcecode.c.h; path = deflate.h; sourceTree = "<group>"; };
		6289302E1B11E98100076F3F /* gzclose.c */ = {isa = PBXFileReference; fileEncoding = 4; lastKnownFileType = sourcecode.c.c; path = gzclose.c; sourceTree = "<group>"; };
		6289302F1B11E98100076F3F /* gzguts.h */ = {isa = PBXFileReference; fileEncoding = 4; lastKnownFileType = sourcecode.c.h; path = gzguts.h; sourceTree = "<group>"; };
		628930301B11E98100076F3F /* gzlib.c */ = {isa = PBXFileReference; fileEncoding = 4; lastKnownFileType = sourcecode.c.c; path = gzlib.c; sourceTree = "<group>"; };
		628930311B11E98100076F3F /* gzread.c */ = {isa = PBXFileReference; fileEncoding = 4; lastKnownFileType = sourcecode.c.c; path = gzread.c; sourceTree = "<group>"; };
		628930321B11E98100076F3F /* gzwrite.c */ = {isa = PBXFileReference; fileEncoding = 4; lastKnownFileType = sourcecode.c.c; path = gzwrite.c; sourceTree = "<group>"; };
		628930331B11E98100076F3F /* infback.c */ = {isa = PBXFileReference; fileEncoding = 4; lastKnownFileType = sourcecode.c.c; path = infback.c; sourceTree = "<group>"; };
		628930341B11E98100076F3F /* inffast.c */ = {isa = PBXFileReference; fileEncoding = 4; lastKnownFileType = sourcecode.c.c; path = inffast.c; sourceTree = "<group>"; };
		628930351B11E98100076F3F /* inffast.h */ = {isa = PBXFileReference; fileEncoding = 4; lastKnownFileType = sourcecode.c.h; path = inffast.h; sourceTree = "<group>"; };
		628930361B11E98100076F3F /* inffixed.h */ = {isa = PBXFileReference; fileEncoding = 4; lastKnownFileType = sourcecode.c.h; path = inffixed.h; sourceTree = "<group>"; };
		628930371B11E98100076F3F /* inflate.c */ = {isa = PBXFileReference; fileEncoding = 4; lastKnownFileType = sourcecode.c.c; path = inflate.c; sourceTree = "<group>"; };
		628930381B11E98100076F3F /* inflate.h */ = {isa = PBXFileReference; fileEncoding = 4; lastKnownFileType = sourcecode.c.h; path = inflate.h; sourceTree = "<group>"; };
		628930391B11E98100076F3F /* inftrees.c */ = {isa = PBXFileReference; fileEncoding = 4; lastKnownFileType = sourcecode.c.c; path = inftrees.c; sourceTree = "<group>"; };
		6289303A1B11E98100076F3F /* inftrees.h */ = {isa = PBXFileReference; fileEncoding = 4; lastKnownFileType = sourcecode.c.h; path = inftrees.h; sourceTree = "<group>"; };
		6289303B1B11E98100076F3F /* trees.c */ = {isa = PBXFileReference; fileEncoding = 4; lastKnownFileType = sourcecode.c.c; path = trees.c; sourceTree = "<group>"; };
		6289303C1B11E98100076F3F /* trees.h */ = {isa = PBXFileReference; fileEncoding = 4; lastKnownFileType = sourcecode.c.h; path = trees.h; sourceTree = "<group>"; };
		6289303D1B11E98100076F3F /* uncompr.c */ = {isa = PBXFileReference; fileEncoding = 4; lastKnownFileType = sourcecode.c.c; path = uncompr.c; sourceTree = "<group>"; };
		6289303E1B11E98100076F3F /* zconf.h */ = {isa = PBXFileReference; fileEncoding = 4; lastKnownFileType = sourcecode.c.h; path = zconf.h; sourceTree = "<group>"; };
		6289303F1B11E98100076F3F /* zlib.h */ = {isa = PBXFileReference; fileEncoding = 4; lastKnownFileType = sourcecode.c.h; path = zlib.h; sourceTree = "<group>"; };
		628930401B11E98100076F3F /* zutil.c */ = {isa = PBXFileReference; fileEncoding = 4; lastKnownFileType = sourcecode.c.c; path = zutil.c; sourceTree = "<group>"; };
		628930411B11E98100076F3F /* zutil.h */ = {isa = PBXFileReference; fileEncoding = 4; lastKnownFileType = sourcecode.c.h; path = zutil.h; sourceTree = "<group>"; };
		62C2ACA41AE8FF5B008393DE /* ElStudio.app */ = {isa = PBXFileReference; explicitFileType = wrapper.application; includeInIndex = 0; path = ElStudio.app; sourceTree = BUILT_PRODUCTS_DIR; };
		62C2ACA81AE8FF5B008393DE /* Info.plist */ = {isa = PBXFileReference; lastKnownFileType = text.plist.xml; path = Info.plist; sourceTree = "<group>"; };
		62C2ACA91AE8FF5B008393DE /* main.m */ = {isa = PBXFileReference; lastKnownFileType = sourcecode.c.objc; path = main.m; sourceTree = "<group>"; };
		62C2ACAB1AE8FF5B008393DE /* AppDelegate.h */ = {isa = PBXFileReference; lastKnownFileType = sourcecode.c.h; path = AppDelegate.h; sourceTree = "<group>"; };
		62C2ACAC1AE8FF5B008393DE /* AppDelegate.m */ = {isa = PBXFileReference; lastKnownFileType = sourcecode.c.objc; path = AppDelegate.m; sourceTree = "<group>"; };
		62C2ACAE1AE8FF5B008393DE /* ViewController.h */ = {isa = PBXFileReference; lastKnownFileType = sourcecode.c.h; path = ViewController.h; sourceTree = "<group>"; };
		62C2ACAF1AE8FF5B008393DE /* ViewController.m */ = {isa = PBXFileReference; lastKnownFileType = sourcecode.c.objc; path = ViewController.m; sourceTree = "<group>"; };
		62C2ACB21AE8FF5B008393DE /* Base */ = {isa = PBXFileReference; lastKnownFileType = file.storyboard; name = Base; path = Base.lproj/Main.storyboard; sourceTree = "<group>"; };
		62C2ACB41AE8FF5B008393DE /* Images.xcassets */ = {isa = PBXFileReference; lastKnownFileType = folder.assetcatalog; path = Images.xcassets; sourceTree = "<group>"; };
		62C2ACB71AE8FF5B008393DE /* Base */ = {isa = PBXFileReference; lastKnownFileType = file.xib; name = Base; path = Base.lproj/LaunchScreen.xib; sourceTree = "<group>"; };
		62C2ACBD1AE8FF5C008393DE /* ElStudioTests.xctest */ = {isa = PBXFileReference; explicitFileType = wrapper.cfbundle; includeInIndex = 0; path = ElStudioTests.xctest; sourceTree = BUILT_PRODUCTS_DIR; };
		62C2ACC21AE8FF5C008393DE /* Info.plist */ = {isa = PBXFileReference; lastKnownFileType = text.plist.xml; path = Info.plist; sourceTree = "<group>"; };
		62C2ACC31AE8FF5C008393DE /* ElStudioTests.m */ = {isa = PBXFileReference; lastKnownFileType = sourcecode.c.objc; path = ElStudioTests.m; sourceTree = "<group>"; };
		62C77CDA1AEE905200BB3D48 /* ELCAlbumPickerController.h */ = {isa = PBXFileReference; fileEncoding = 4; lastKnownFileType = sourcecode.c.h; path = ELCAlbumPickerController.h; sourceTree = "<group>"; };
		62C77CDB1AEE905200BB3D48 /* ELCAlbumPickerController.m */ = {isa = PBXFileReference; fileEncoding = 4; lastKnownFileType = sourcecode.c.objc; path = ELCAlbumPickerController.m; sourceTree = "<group>"; };
		62C77CDC1AEE905200BB3D48 /* ELCAsset.h */ = {isa = PBXFileReference; fileEncoding = 4; lastKnownFileType = sourcecode.c.h; path = ELCAsset.h; sourceTree = "<group>"; };
		62C77CDD1AEE905200BB3D48 /* ELCAsset.m */ = {isa = PBXFileReference; fileEncoding = 4; lastKnownFileType = sourcecode.c.objc; path = ELCAsset.m; sourceTree = "<group>"; };
		62C77CDE1AEE905200BB3D48 /* ELCAssetCell.h */ = {isa = PBXFileReference; fileEncoding = 4; lastKnownFileType = sourcecode.c.h; path = ELCAssetCell.h; sourceTree = "<group>"; };
		62C77CDF1AEE905200BB3D48 /* ELCAssetCell.m */ = {isa = PBXFileReference; fileEncoding = 4; lastKnownFileType = sourcecode.c.objc; path = ELCAssetCell.m; sourceTree = "<group>"; };
		62C77CE01AEE905200BB3D48 /* ELCAssetPickerFilterDelegate.h */ = {isa = PBXFileReference; fileEncoding = 4; lastKnownFileType = sourcecode.c.h; path = ELCAssetPickerFilterDelegate.h; sourceTree = "<group>"; };
		62C77CE11AEE905200BB3D48 /* ELCAssetSelectionDelegate.h */ = {isa = PBXFileReference; fileEncoding = 4; lastKnownFileType = sourcecode.c.h; path = ELCAssetSelectionDelegate.h; sourceTree = "<group>"; };
		62C77CE21AEE905200BB3D48 /* ELCAssetTablePicker.h */ = {isa = PBXFileReference; fileEncoding = 4; lastKnownFileType = sourcecode.c.h; path = ELCAssetTablePicker.h; sourceTree = "<group>"; };
		62C77CE31AEE905200BB3D48 /* ELCAssetTablePicker.m */ = {isa = PBXFileReference; fileEncoding = 4; lastKnownFileType = sourcecode.c.objc; path = ELCAssetTablePicker.m; sourceTree = "<group>"; };
		62C77CE41AEE905200BB3D48 /* ELCConsole.h */ = {isa = PBXFileReference; fileEncoding = 4; lastKnownFileType = sourcecode.c.h; path = ELCConsole.h; sourceTree = "<group>"; };
		62C77CE51AEE905200BB3D48 /* ELCConsole.m */ = {isa = PBXFileReference; fileEncoding = 4; lastKnownFileType = sourcecode.c.objc; path = ELCConsole.m; sourceTree = "<group>"; };
		62C77CE61AEE905200BB3D48 /* ELCImagePickerController.h */ = {isa = PBXFileReference; fileEncoding = 4; lastKnownFileType = sourcecode.c.h; path = ELCImagePickerController.h; sourceTree = "<group>"; };
		62C77CE71AEE905200BB3D48 /* ELCImagePickerController.m */ = {isa = PBXFileReference; fileEncoding = 4; lastKnownFileType = sourcecode.c.objc; path = ELCImagePickerController.m; sourceTree = "<group>"; };
		62C77CE81AEE905200BB3D48 /* ELCImagePickerHeader.h */ = {isa = PBXFileReference; fileEncoding = 4; lastKnownFileType = sourcecode.c.h; path = ELCImagePickerHeader.h; sourceTree = "<group>"; };
		62C77CE91AEE905200BB3D48 /* ELCOverlayImageView.h */ = {isa = PBXFileReference; fileEncoding = 4; lastKnownFileType = sourcecode.c.h; path = ELCOverlayImageView.h; sourceTree = "<group>"; };
		62C77CEA1AEE905200BB3D48 /* ELCOverlayImageView.m */ = {isa = PBXFileReference; fileEncoding = 4; lastKnownFileType = sourcecode.c.objc; path = ELCOverlayImageView.m; sourceTree = "<group>"; };
		62C77CEC1AEE905200BB3D48 /* ELCAlbumPickerController.xib */ = {isa = PBXFileReference; fileEncoding = 4; lastKnownFileType = file.xib; path = ELCAlbumPickerController.xib; sourceTree = "<group>"; };
		62C77CED1AEE905200BB3D48 /* ELCAssetPicker.xib */ = {isa = PBXFileReference; fileEncoding = 4; lastKnownFileType = file.xib; path = ELCAssetPicker.xib; sourceTree = "<group>"; };
		62C77CEE1AEE905200BB3D48 /* ELCAssetTablePicker.xib */ = {isa = PBXFileReference; fileEncoding = 4; lastKnownFileType = file.xib; path = ELCAssetTablePicker.xib; sourceTree = "<group>"; };
		62C77CEF1AEE905200BB3D48 /* Overlay.png */ = {isa = PBXFileReference; lastKnownFileType = image.png; path = Overlay.png; sourceTree = "<group>"; };
		62C77CF01AEE905200BB3D48 /* Overlay@2x.png */ = {isa = PBXFileReference; lastKnownFileType = image.png; path = "Overlay@2x.png"; sourceTree = "<group>"; };
		62C77CF11AEE905200BB3D48 /* ELCImagePickerDemoAppDelegate.h */ = {isa = PBXFileReference; fileEncoding = 4; lastKnownFileType = sourcecode.c.h; path = ELCImagePickerDemoAppDelegate.h; sourceTree = "<group>"; };
		62C77CF21AEE905200BB3D48 /* ELCImagePickerDemoAppDelegate.m */ = {isa = PBXFileReference; fileEncoding = 4; lastKnownFileType = sourcecode.c.objc; path = ELCImagePickerDemoAppDelegate.m; sourceTree = "<group>"; };
		62C77CF31AEE905200BB3D48 /* ELCImagePickerDemoViewController.h */ = {isa = PBXFileReference; fileEncoding = 4; lastKnownFileType = sourcecode.c.h; path = ELCImagePickerDemoViewController.h; sourceTree = "<group>"; };
		62C77CF41AEE905200BB3D48 /* ELCImagePickerDemoViewController.m */ = {isa = PBXFileReference; fileEncoding = 4; lastKnownFileType = sourcecode.c.objc; path = ELCImagePickerDemoViewController.m; sourceTree = "<group>"; };
		62C77D0F1AEEA04A00BB3D48 /* ShowImagesViewController.h */ = {isa = PBXFileReference; fileEncoding = 4; lastKnownFileType = sourcecode.c.h; path = ShowImagesViewController.h; sourceTree = "<group>"; };
		62C77D101AEEA04A00BB3D48 /* ShowImagesViewController.m */ = {isa = PBXFileReference; fileEncoding = 4; lastKnownFileType = sourcecode.c.objc; path = ShowImagesViewController.m; sourceTree = "<group>"; };
		62C77D121AEEA07700BB3D48 /* ShowImageTableViewCell.h */ = {isa = PBXFileReference; fileEncoding = 4; lastKnownFileType = sourcecode.c.h; path = ShowImageTableViewCell.h; sourceTree = "<group>"; };
		62C77D131AEEA07700BB3D48 /* ShowImageTableViewCell.m */ = {isa = PBXFileReference; fileEncoding = 4; lastKnownFileType = sourcecode.c.objc; path = ShowImageTableViewCell.m; sourceTree = "<group>"; };
		62C77D141AEEA07700BB3D48 /* ShowImageTableViewCell.xib */ = {isa = PBXFileReference; fileEncoding = 4; lastKnownFileType = file.xib; path = ShowImageTableViewCell.xib; sourceTree = "<group>"; };
		62C7C2E31AEF7B8700563DD6 /* AffineImageViewController.h */ = {isa = PBXFileReference; fileEncoding = 4; lastKnownFileType = sourcecode.c.h; path = AffineImageViewController.h; sourceTree = "<group>"; };
		62C7C2E41AEF7B8700563DD6 /* AffineImageViewController.m */ = {isa = PBXFileReference; fileEncoding = 4; lastKnownFileType = sourcecode.c.objc; path = AffineImageViewController.m; sourceTree = "<group>"; };
		881CA3811AF5307A0097FEBE /* GRRequestsManager.h */ = {isa = PBXFileReference; fileEncoding = 4; lastKnownFileType = sourcecode.c.h; path = GRRequestsManager.h; sourceTree = "<group>"; };
		881CA3821AF5307A0097FEBE /* GRRequestsManager.m */ = {isa = PBXFileReference; fileEncoding = 4; lastKnownFileType = sourcecode.c.objc; path = GRRequestsManager.m; sourceTree = "<group>"; };
		881CA3831AF5307A0097FEBE /* GRRequestsManagerProtocol.h */ = {isa = PBXFileReference; fileEncoding = 4; lastKnownFileType = sourcecode.c.h; path = GRRequestsManagerProtocol.h; sourceTree = "<group>"; };
		881CA3841AF5307A0097FEBE /* README.md */ = {isa = PBXFileReference; fileEncoding = 4; lastKnownFileType = net.daringfireball.markdown; path = README.md; sourceTree = "<group>"; };
		881CA3861AF5307A0097FEBE /* GRCreateDirectoryRequest.h */ = {isa = PBXFileReference; fileEncoding = 4; lastKnownFileType = sourcecode.c.h; path = GRCreateDirectoryRequest.h; sourceTree = "<group>"; };
		881CA3871AF5307A0097FEBE /* GRCreateDirectoryRequest.m */ = {isa = PBXFileReference; fileEncoding = 4; lastKnownFileType = sourcecode.c.objc; path = GRCreateDirectoryRequest.m; sourceTree = "<group>"; };
		881CA3881AF5307A0097FEBE /* GRDeleteRequest.h */ = {isa = PBXFileReference; fileEncoding = 4; lastKnownFileType = sourcecode.c.h; path = GRDeleteRequest.h; sourceTree = "<group>"; };
		881CA3891AF5307A0097FEBE /* GRDeleteRequest.m */ = {isa = PBXFileReference; fileEncoding = 4; lastKnownFileType = sourcecode.c.objc; path = GRDeleteRequest.m; sourceTree = "<group>"; };
		881CA38A1AF5307A0097FEBE /* GRDownloadRequest.h */ = {isa = PBXFileReference; fileEncoding = 4; lastKnownFileType = sourcecode.c.h; path = GRDownloadRequest.h; sourceTree = "<group>"; };
		881CA38B1AF5307A0097FEBE /* GRDownloadRequest.m */ = {isa = PBXFileReference; fileEncoding = 4; lastKnownFileType = sourcecode.c.objc; path = GRDownloadRequest.m; sourceTree = "<group>"; };
		881CA38C1AF5307A0097FEBE /* GRListingRequest.h */ = {isa = PBXFileReference; fileEncoding = 4; lastKnownFileType = sourcecode.c.h; path = GRListingRequest.h; sourceTree = "<group>"; };
		881CA38D1AF5307A0097FEBE /* GRListingRequest.m */ = {isa = PBXFileReference; fileEncoding = 4; lastKnownFileType = sourcecode.c.objc; path = GRListingRequest.m; sourceTree = "<group>"; };
		881CA38E1AF5307A0097FEBE /* GRRequest.h */ = {isa = PBXFileReference; fileEncoding = 4; lastKnownFileType = sourcecode.c.h; path = GRRequest.h; sourceTree = "<group>"; };
		881CA38F1AF5307A0097FEBE /* GRRequest.m */ = {isa = PBXFileReference; fileEncoding = 4; lastKnownFileType = sourcecode.c.objc; path = GRRequest.m; sourceTree = "<group>"; };
		881CA3901AF5307A0097FEBE /* GRRequestProtocol.h */ = {isa = PBXFileReference; fileEncoding = 4; lastKnownFileType = sourcecode.c.h; path = GRRequestProtocol.h; sourceTree = "<group>"; };
		881CA3911AF5307A0097FEBE /* GRUploadRequest.h */ = {isa = PBXFileReference; fileEncoding = 4; lastKnownFileType = sourcecode.c.h; path = GRUploadRequest.h; sourceTree = "<group>"; };
		881CA3921AF5307A0097FEBE /* GRUploadRequest.m */ = {isa = PBXFileReference; fileEncoding = 4; lastKnownFileType = sourcecode.c.objc; path = GRUploadRequest.m; sourceTree = "<group>"; };
		881CA3941AF5307A0097FEBE /* GRError.h */ = {isa = PBXFileReference; fileEncoding = 4; lastKnownFileType = sourcecode.c.h; path = GRError.h; sourceTree = "<group>"; };
		881CA3951AF5307A0097FEBE /* GRError.m */ = {isa = PBXFileReference; fileEncoding = 4; lastKnownFileType = sourcecode.c.objc; path = GRError.m; sourceTree = "<group>"; };
		881CA3961AF5307A0097FEBE /* GRQueue.h */ = {isa = PBXFileReference; fileEncoding = 4; lastKnownFileType = sourcecode.c.h; path = GRQueue.h; sourceTree = "<group>"; };
		881CA3971AF5307A0097FEBE /* GRQueue.m */ = {isa = PBXFileReference; fileEncoding = 4; lastKnownFileType = sourcecode.c.objc; path = GRQueue.m; sourceTree = "<group>"; };
		881CA3981AF5307A0097FEBE /* GRStreamInfo.h */ = {isa = PBXFileReference; fileEncoding = 4; lastKnownFileType = sourcecode.c.h; path = GRStreamInfo.h; sourceTree = "<group>"; };
		881CA3991AF5307A0097FEBE /* GRStreamInfo.m */ = {isa = PBXFileReference; fileEncoding = 4; lastKnownFileType = sourcecode.c.objc; path = GRStreamInfo.m; sourceTree = "<group>"; };
		887437F31AED917F00D0BFD2 /* MakeOrderViewController.h */ = {isa = PBXFileReference; fileEncoding = 4; lastKnownFileType = sourcecode.c.h; path = MakeOrderViewController.h; sourceTree = "<group>"; };
		887437F41AED917F00D0BFD2 /* MakeOrderViewController.m */ = {isa = PBXFileReference; fileEncoding = 4; lastKnownFileType = sourcecode.c.objc; path = MakeOrderViewController.m; sourceTree = "<group>"; };
/* End PBXFileReference section */

/* Begin PBXFrameworksBuildPhase section */
		62C2ACA11AE8FF5B008393DE /* Frameworks */ = {
			isa = PBXFrameworksBuildPhase;
			buildActionMask = 2147483647;
			files = (
				6225C06F1B1602B400DFE492 /* CFNetwork.framework in Frameworks */,
			);
			runOnlyForDeploymentPostprocessing = 0;
		};
		62C2ACBA1AE8FF5C008393DE /* Frameworks */ = {
			isa = PBXFrameworksBuildPhase;
			buildActionMask = 2147483647;
			files = (
			);
			runOnlyForDeploymentPostprocessing = 0;
		};
/* End PBXFrameworksBuildPhase section */

/* Begin PBXGroup section */
		622307A71B04B538009973AD /* Cart */ = {
			isa = PBXGroup;
			children = (
				622307A81B04B574009973AD /* CartTableViewController.h */,
				622307A91B04B574009973AD /* CartTableViewController.m */,
			);
			name = Cart;
			sourceTree = "<group>";
		};
		6225C06E1B1600FD00DFE492 /* Frameworks */ = {
			isa = PBXGroup;
			children = (
				6225C06C1B16008200DFE492 /* CFNetwork.framework */,
			);
			name = Frameworks;
			sourceTree = "<group>";
		};
		6228FD1B1B021F8300B0D759 /* ProductsViewController */ = {
			isa = PBXGroup;
			children = (
				6228FD1C1B021FF300B0D759 /* ProductsTableViewController.h */,
				6228FD1D1B021FF300B0D759 /* ProductsTableViewController.m */,
			);
			name = ProductsViewController;
			sourceTree = "<group>";
		};
		6228FD1F1B02244400B0D759 /* Singeltons */ = {
			isa = PBXGroup;
			children = (
				6228FD241B0226D100B0D759 /* CurrentOrderManager.h */,
				6228FD251B0226D100B0D759 /* CurrentOrderManager.m */,
				6228FD2A1B02323600B0D759 /* WholeOrder.h */,
				6228FD2B1B02323600B0D759 /* WholeOrder.m */,
				621741B41B14A0A200CFD754 /* UIDeviceHardware.h */,
				621741B51B14A0A200CFD754 /* UIDeviceHardware.m */,
			);
			name = Singeltons;
			sourceTree = "<group>";
		};
		6228FD201B0224E900B0D759 /* Models */ = {
			isa = PBXGroup;
			children = (
				6228FD211B02253200B0D759 /* OrderItem.h */,
				6228FD221B02253200B0D759 /* OrderItem.m */,
				6228FD271B0231E400B0D759 /* Order.h */,
				6228FD281B0231E400B0D759 /* Order.m */,
			);
			name = Models;
			sourceTree = "<group>";
		};
		6229AE6B1B03961C00EE7FD4 /* CurrentThankYou */ = {
			isa = PBXGroup;
			children = (
				6229AE6C1B03964E00EE7FD4 /* CurrentThankYouViewController.h */,
				6229AE6D1B03964E00EE7FD4 /* CurrentThankYouViewController.m */,
			);
			name = CurrentThankYou;
			sourceTree = "<group>";
		};
		6229AE6F1B03989E00EE7FD4 /* Home */ = {
			isa = PBXGroup;
			children = (
				6229AE701B0398C800EE7FD4 /* HomeViewController.h */,
				6229AE711B0398C900EE7FD4 /* HomeViewController.m */,
			);
			name = Home;
			sourceTree = "<group>";
		};
		622E47911B1B016A00E4C5E3 /* InstagramKit */ = {
			isa = PBXGroup;
			children = (
				622E47921B1B016A00E4C5E3 /* Engine */,
				622E47951B1B016A00E4C5E3 /* InstagramKit.h */,
				622E47961B1B016A00E4C5E3 /* Models */,
			);
			path = InstagramKit;
			sourceTree = "<group>";
		};
		622E47921B1B016A00E4C5E3 /* Engine */ = {
			isa = PBXGroup;
			children = (
				622E47931B1B016A00E4C5E3 /* InstagramEngine.h */,
				622E47941B1B016A00E4C5E3 /* InstagramEngine.m */,
			);
			path = Engine;
			sourceTree = "<group>";
		};
		622E47961B1B016A00E4C5E3 /* Models */ = {
			isa = PBXGroup;
			children = (
				622E47971B1B016A00E4C5E3 /* InstagramComment.h */,
				622E47981B1B016A00E4C5E3 /* InstagramComment.m */,
				622E47991B1B016A00E4C5E3 /* InstagramLocation.h */,
				622E479A1B1B016A00E4C5E3 /* InstagramLocation.m */,
				622E479B1B1B016A00E4C5E3 /* InstagramMedia.h */,
				622E479C1B1B016A00E4C5E3 /* InstagramMedia.m */,
				622E479D1B1B016A00E4C5E3 /* InstagramModel.h */,
				622E479E1B1B016A00E4C5E3 /* InstagramModel.m */,
				622E479F1B1B016A00E4C5E3 /* InstagramPaginationInfo.h */,
				622E47A01B1B016A00E4C5E3 /* InstagramPaginationInfo.m */,
				622E47A11B1B016A00E4C5E3 /* InstagramTag.h */,
				622E47A21B1B016A00E4C5E3 /* InstagramTag.m */,
				622E47A31B1B016A00E4C5E3 /* InstagramUser.h */,
				622E47A41B1B016A00E4C5E3 /* InstagramUser.m */,
			);
			path = Models;
			sourceTree = "<group>";
		};
		622E47AD1B1B01A100E4C5E3 /* AFNetworking */ = {
			isa = PBXGroup;
			children = (
				622E47AE1B1B01A100E4C5E3 /* AFHTTPRequestOperation.h */,
				622E47AF1B1B01A100E4C5E3 /* AFHTTPRequestOperation.m */,
				622E47B01B1B01A100E4C5E3 /* AFHTTPRequestOperationManager.h */,
				622E47B11B1B01A100E4C5E3 /* AFHTTPRequestOperationManager.m */,
				622E47B21B1B01A100E4C5E3 /* AFHTTPSessionManager.h */,
				622E47B31B1B01A100E4C5E3 /* AFHTTPSessionManager.m */,
				622E47B41B1B01A100E4C5E3 /* AFNetworking.h */,
				622E47B51B1B01A100E4C5E3 /* AFNetworkReachabilityManager.h */,
				622E47B61B1B01A100E4C5E3 /* AFNetworkReachabilityManager.m */,
				622E47B71B1B01A100E4C5E3 /* AFSecurityPolicy.h */,
				622E47B81B1B01A100E4C5E3 /* AFSecurityPolicy.m */,
				622E47B91B1B01A100E4C5E3 /* AFURLConnectionOperation.h */,
				622E47BA1B1B01A100E4C5E3 /* AFURLConnectionOperation.m */,
				622E47BB1B1B01A100E4C5E3 /* AFURLRequestSerialization.h */,
				622E47BC1B1B01A100E4C5E3 /* AFURLRequestSerialization.m */,
				622E47BD1B1B01A100E4C5E3 /* AFURLResponseSerialization.h */,
				622E47BE1B1B01A100E4C5E3 /* AFURLResponseSerialization.m */,
				622E47BF1B1B01A100E4C5E3 /* AFURLSessionManager.h */,
				622E47C01B1B01A100E4C5E3 /* AFURLSessionManager.m */,
				622E47C11B1B01A100E4C5E3 /* UIImageView+AFNetworking.h */,
				622E47C21B1B01A100E4C5E3 /* UIImageView+AFNetworking.m */,
			);
			path = AFNetworking;
			sourceTree = "<group>";
		};
		622E47CD1B1B03A000E4C5E3 /* Instagram */ = {
			isa = PBXGroup;
			children = (
				622E47CE1B1B03CE00E4C5E3 /* InstagramViewController.h */,
				622E47CF1B1B03CE00E4C5E3 /* InstagramViewController.m */,
				622E47D11B1B114C00E4C5E3 /* InstagramCollectionViewController.h */,
				622E47D21B1B114C00E4C5E3 /* InstagramCollectionViewController.m */,
				622E47DB1B1B1EDF00E4C5E3 /* IKCollectionViewController.h */,
				622E47DC1B1B1EDF00E4C5E3 /* IKCollectionViewController.m */,
				622E47DE1B1B22A700E4C5E3 /* IKLoginViewController.h */,
				622E47DF1B1B22A700E4C5E3 /* IKLoginViewController.m */,
				622E47D41B1B129500E4C5E3 /* CollectionView Cells */,
			);
			name = Instagram;
			sourceTree = "<group>";
		};
		622E47D41B1B129500E4C5E3 /* CollectionView Cells */ = {
			isa = PBXGroup;
			children = (
				622E47D51B1B129500E4C5E3 /* IKCell.h */,
				622E47D61B1B129500E4C5E3 /* IKCell.m */,
				622E47D71B1B129500E4C5E3 /* IKMediaCell.h */,
				622E47D81B1B129500E4C5E3 /* IKMediaCell.m */,
			);
			path = "CollectionView Cells";
			sourceTree = "<group>";
		};
		628930121B11E98100076F3F /* ARCHelper */ = {
			isa = PBXGroup;
			children = (
				628930131B11E98100076F3F /* ARCHelper.h */,
			);
			path = ARCHelper;
			sourceTree = "<group>";
		};
		628930141B11E98100076F3F /* MiniZip */ = {
			isa = PBXGroup;
			children = (
				628930151B11E98100076F3F /* crypt.h */,
				628930161B11E98100076F3F /* ioapi.c */,
				628930171B11E98100076F3F /* ioapi.h */,
				628930181B11E98100076F3F /* unzip.c */,
				628930191B11E98100076F3F /* unzip.h */,
				6289301A1B11E98100076F3F /* zip.c */,
				6289301B1B11E98100076F3F /* zip.h */,
			);
			path = MiniZip;
			sourceTree = "<group>";
		};
		6289301C1B11E98100076F3F /* Objective-Zip */ = {
			isa = PBXGroup;
			children = (
				6289301D1B11E98100076F3F /* FileInZipInfo.h */,
				6289301E1B11E98100076F3F /* FileInZipInfo.m */,
				6289301F1B11E98100076F3F /* ZipException.h */,
				628930201B11E98100076F3F /* ZipException.m */,
				628930211B11E98100076F3F /* ZipFile.h */,
				628930221B11E98100076F3F /* ZipFile.m */,
				628930231B11E98100076F3F /* ZipReadStream.h */,
				628930241B11E98100076F3F /* ZipReadStream.m */,
				628930251B11E98100076F3F /* ZipWriteStream.h */,
				628930261B11E98100076F3F /* ZipWriteStream.m */,
			);
			path = "Objective-Zip";
			sourceTree = "<group>";
		};
		628930271B11E98100076F3F /* ZLib */ = {
			isa = PBXGroup;
			children = (
				628930281B11E98100076F3F /* adler32.c */,
				628930291B11E98100076F3F /* compress.c */,
				6289302A1B11E98100076F3F /* crc32.c */,
				6289302B1B11E98100076F3F /* crc32.h */,
				6289302C1B11E98100076F3F /* deflate.c */,
				6289302D1B11E98100076F3F /* deflate.h */,
				6289302E1B11E98100076F3F /* gzclose.c */,
				6289302F1B11E98100076F3F /* gzguts.h */,
				628930301B11E98100076F3F /* gzlib.c */,
				628930311B11E98100076F3F /* gzread.c */,
				628930321B11E98100076F3F /* gzwrite.c */,
				628930331B11E98100076F3F /* infback.c */,
				628930341B11E98100076F3F /* inffast.c */,
				628930351B11E98100076F3F /* inffast.h */,
				628930361B11E98100076F3F /* inffixed.h */,
				628930371B11E98100076F3F /* inflate.c */,
				628930381B11E98100076F3F /* inflate.h */,
				628930391B11E98100076F3F /* inftrees.c */,
				6289303A1B11E98100076F3F /* inftrees.h */,
				6289303B1B11E98100076F3F /* trees.c */,
				6289303C1B11E98100076F3F /* trees.h */,
				6289303D1B11E98100076F3F /* uncompr.c */,
				6289303E1B11E98100076F3F /* zconf.h */,
				6289303F1B11E98100076F3F /* zlib.h */,
				628930401B11E98100076F3F /* zutil.c */,
				628930411B11E98100076F3F /* zutil.h */,
			);
			path = ZLib;
			sourceTree = "<group>";
		};
		62C2AC9B1AE8FF5B008393DE = {
			isa = PBXGroup;
			children = (
				62C2ACA61AE8FF5B008393DE /* ElStudio */,
				62C2ACC01AE8FF5C008393DE /* ElStudioTests */,
				62C2ACA51AE8FF5B008393DE /* Products */,
				6225C06E1B1600FD00DFE492 /* Frameworks */,
			);
			sourceTree = "<group>";
		};
		62C2ACA51AE8FF5B008393DE /* Products */ = {
			isa = PBXGroup;
			children = (
				62C2ACA41AE8FF5B008393DE /* ElStudio.app */,
				62C2ACBD1AE8FF5C008393DE /* ElStudioTests.xctest */,
			);
			name = Products;
			sourceTree = "<group>";
		};
		62C2ACA61AE8FF5B008393DE /* ElStudio */ = {
			isa = PBXGroup;
			children = (
				6228FD201B0224E900B0D759 /* Models */,
				6228FD1F1B02244400B0D759 /* Singeltons */,
				62C77CD81AEE905100BB3D48 /* Classes */,
				887437F11AED912D00D0BFD2 /* ViewControllers */,
				62C2ACAB1AE8FF5B008393DE /* AppDelegate.h */,
				62C2ACAC1AE8FF5B008393DE /* AppDelegate.m */,
				62C2ACAE1AE8FF5B008393DE /* ViewController.h */,
				62C2ACAF1AE8FF5B008393DE /* ViewController.m */,
				62C2ACB11AE8FF5B008393DE /* Main.storyboard */,
				62C2ACB41AE8FF5B008393DE /* Images.xcassets */,
				62C2ACB61AE8FF5B008393DE /* LaunchScreen.xib */,
				62C2ACA71AE8FF5B008393DE /* Supporting Files */,
			);
			path = ElStudio;
			sourceTree = "<group>";
		};
		62C2ACA71AE8FF5B008393DE /* Supporting Files */ = {
			isa = PBXGroup;
			children = (
				62C2ACA81AE8FF5B008393DE /* Info.plist */,
				62C2ACA91AE8FF5B008393DE /* main.m */,
			);
			name = "Supporting Files";
			sourceTree = "<group>";
		};
		62C2ACC01AE8FF5C008393DE /* ElStudioTests */ = {
			isa = PBXGroup;
			children = (
				62C2ACC31AE8FF5C008393DE /* ElStudioTests.m */,
				62C2ACC11AE8FF5C008393DE /* Supporting Files */,
			);
			path = ElStudioTests;
			sourceTree = "<group>";
		};
		62C2ACC11AE8FF5C008393DE /* Supporting Files */ = {
			isa = PBXGroup;
			children = (
				62C2ACC21AE8FF5C008393DE /* Info.plist */,
			);
			name = "Supporting Files";
			sourceTree = "<group>";
		};
		62C77CD81AEE905100BB3D48 /* Classes */ = {
			isa = PBXGroup;
			children = (
				622E47AD1B1B01A100E4C5E3 /* AFNetworking */,
				622E47911B1B016A00E4C5E3 /* InstagramKit */,
				628930121B11E98100076F3F /* ARCHelper */,
				628930141B11E98100076F3F /* MiniZip */,
				6289301C1B11E98100076F3F /* Objective-Zip */,
				628930271B11E98100076F3F /* ZLib */,
				881CA3801AF5307A0097FEBE /* Sources */,
				62C77CD91AEE905200BB3D48 /* ELCImagePicker */,
				62C77CF11AEE905200BB3D48 /* ELCImagePickerDemoAppDelegate.h */,
				62C77CF21AEE905200BB3D48 /* ELCImagePickerDemoAppDelegate.m */,
				62C77CF31AEE905200BB3D48 /* ELCImagePickerDemoViewController.h */,
				62C77CF41AEE905200BB3D48 /* ELCImagePickerDemoViewController.m */,
			);
			path = Classes;
			sourceTree = "<group>";
		};
		62C77CD91AEE905200BB3D48 /* ELCImagePicker */ = {
			isa = PBXGroup;
			children = (
				62C77CDA1AEE905200BB3D48 /* ELCAlbumPickerController.h */,
				62C77CDB1AEE905200BB3D48 /* ELCAlbumPickerController.m */,
				62C77CDC1AEE905200BB3D48 /* ELCAsset.h */,
				62C77CDD1AEE905200BB3D48 /* ELCAsset.m */,
				62C77CDE1AEE905200BB3D48 /* ELCAssetCell.h */,
				62C77CDF1AEE905200BB3D48 /* ELCAssetCell.m */,
				62C77CE01AEE905200BB3D48 /* ELCAssetPickerFilterDelegate.h */,
				62C77CE11AEE905200BB3D48 /* ELCAssetSelectionDelegate.h */,
				62C77CE21AEE905200BB3D48 /* ELCAssetTablePicker.h */,
				62C77CE31AEE905200BB3D48 /* ELCAssetTablePicker.m */,
				62C77CE41AEE905200BB3D48 /* ELCConsole.h */,
				62C77CE51AEE905200BB3D48 /* ELCConsole.m */,
				62C77CE61AEE905200BB3D48 /* ELCImagePickerController.h */,
				62C77CE71AEE905200BB3D48 /* ELCImagePickerController.m */,
				62C77CE81AEE905200BB3D48 /* ELCImagePickerHeader.h */,
				62C77CE91AEE905200BB3D48 /* ELCOverlayImageView.h */,
				62C77CEA1AEE905200BB3D48 /* ELCOverlayImageView.m */,
				62C77CEB1AEE905200BB3D48 /* Resources */,
			);
			path = ELCImagePicker;
			sourceTree = "<group>";
		};
		62C77CEB1AEE905200BB3D48 /* Resources */ = {
			isa = PBXGroup;
			children = (
				62C77CEC1AEE905200BB3D48 /* ELCAlbumPickerController.xib */,
				62C77CED1AEE905200BB3D48 /* ELCAssetPicker.xib */,
				62C77CEE1AEE905200BB3D48 /* ELCAssetTablePicker.xib */,
				62C77CEF1AEE905200BB3D48 /* Overlay.png */,
				62C77CF01AEE905200BB3D48 /* Overlay@2x.png */,
			);
			path = Resources;
			sourceTree = "<group>";
		};
		62C77D0E1AEEA02E00BB3D48 /* ShowImages */ = {
			isa = PBXGroup;
			children = (
				62C77D0F1AEEA04A00BB3D48 /* ShowImagesViewController.h */,
				62C77D101AEEA04A00BB3D48 /* ShowImagesViewController.m */,
				62C77D121AEEA07700BB3D48 /* ShowImageTableViewCell.h */,
				62C77D131AEEA07700BB3D48 /* ShowImageTableViewCell.m */,
				62C77D141AEEA07700BB3D48 /* ShowImageTableViewCell.xib */,
			);
			name = ShowImages;
			sourceTree = "<group>";
		};
		62C7C2E21AEF7B4B00563DD6 /* AffineImage */ = {
			isa = PBXGroup;
			children = (
				62C7C2E31AEF7B8700563DD6 /* AffineImageViewController.h */,
				62C7C2E41AEF7B8700563DD6 /* AffineImageViewController.m */,
			);
			name = AffineImage;
			sourceTree = "<group>";
		};
		881CA3801AF5307A0097FEBE /* Sources */ = {
			isa = PBXGroup;
			children = (
				881CA3811AF5307A0097FEBE /* GRRequestsManager.h */,
				881CA3821AF5307A0097FEBE /* GRRequestsManager.m */,
				881CA3831AF5307A0097FEBE /* GRRequestsManagerProtocol.h */,
				881CA3841AF5307A0097FEBE /* README.md */,
				881CA3851AF5307A0097FEBE /* Requests */,
				881CA3931AF5307A0097FEBE /* Utils */,
			);
			path = Sources;
			sourceTree = "<group>";
		};
		881CA3851AF5307A0097FEBE /* Requests */ = {
			isa = PBXGroup;
			children = (
				881CA3861AF5307A0097FEBE /* GRCreateDirectoryRequest.h */,
				881CA3871AF5307A0097FEBE /* GRCreateDirectoryRequest.m */,
				881CA3881AF5307A0097FEBE /* GRDeleteRequest.h */,
				881CA3891AF5307A0097FEBE /* GRDeleteRequest.m */,
				881CA38A1AF5307A0097FEBE /* GRDownloadRequest.h */,
				881CA38B1AF5307A0097FEBE /* GRDownloadRequest.m */,
				881CA38C1AF5307A0097FEBE /* GRListingRequest.h */,
				881CA38D1AF5307A0097FEBE /* GRListingRequest.m */,
				881CA38E1AF5307A0097FEBE /* GRRequest.h */,
				881CA38F1AF5307A0097FEBE /* GRRequest.m */,
				881CA3901AF5307A0097FEBE /* GRRequestProtocol.h */,
				881CA3911AF5307A0097FEBE /* GRUploadRequest.h */,
				881CA3921AF5307A0097FEBE /* GRUploadRequest.m */,
			);
			path = Requests;
			sourceTree = "<group>";
		};
		881CA3931AF5307A0097FEBE /* Utils */ = {
			isa = PBXGroup;
			children = (
				881CA3941AF5307A0097FEBE /* GRError.h */,
				881CA3951AF5307A0097FEBE /* GRError.m */,
				881CA3961AF5307A0097FEBE /* GRQueue.h */,
				881CA3971AF5307A0097FEBE /* GRQueue.m */,
				881CA3981AF5307A0097FEBE /* GRStreamInfo.h */,
				881CA3991AF5307A0097FEBE /* GRStreamInfo.m */,
			);
			path = Utils;
			sourceTree = "<group>";
		};
		887437F11AED912D00D0BFD2 /* ViewControllers */ = {
			isa = PBXGroup;
			children = (
				622E47CD1B1B03A000E4C5E3 /* Instagram */,
				622307A71B04B538009973AD /* Cart */,
				6229AE6F1B03989E00EE7FD4 /* Home */,
				6229AE6B1B03961C00EE7FD4 /* CurrentThankYou */,
				6228FD1B1B021F8300B0D759 /* ProductsViewController */,
				62C7C2E21AEF7B4B00563DD6 /* AffineImage */,
				62C77D0E1AEEA02E00BB3D48 /* ShowImages */,
				887437F21AED914B00D0BFD2 /* MakeOrder */,
			);
			name = ViewControllers;
			sourceTree = "<group>";
		};
		887437F21AED914B00D0BFD2 /* MakeOrder */ = {
			isa = PBXGroup;
			children = (
				887437F31AED917F00D0BFD2 /* MakeOrderViewController.h */,
				887437F41AED917F00D0BFD2 /* MakeOrderViewController.m */,
			);
			name = MakeOrder;
			sourceTree = "<group>";
		};
/* End PBXGroup section */

/* Begin PBXNativeTarget section */
		62C2ACA31AE8FF5B008393DE /* ElStudio */ = {
			isa = PBXNativeTarget;
			buildConfigurationList = 62C2ACC71AE8FF5C008393DE /* Build configuration list for PBXNativeTarget "ElStudio" */;
			buildPhases = (
				62C2ACA01AE8FF5B008393DE /* Sources */,
				62C2ACA11AE8FF5B008393DE /* Frameworks */,
				62C2ACA21AE8FF5B008393DE /* Resources */,
			);
			buildRules = (
			);
			dependencies = (
			);
			name = ElStudio;
			productName = ElStudio;
			productReference = 62C2ACA41AE8FF5B008393DE /* ElStudio.app */;
			productType = "com.apple.product-type.application";
		};
		62C2ACBC1AE8FF5C008393DE /* ElStudioTests */ = {
			isa = PBXNativeTarget;
			buildConfigurationList = 62C2ACCA1AE8FF5C008393DE /* Build configuration list for PBXNativeTarget "ElStudioTests" */;
			buildPhases = (
				62C2ACB91AE8FF5C008393DE /* Sources */,
				62C2ACBA1AE8FF5C008393DE /* Frameworks */,
				62C2ACBB1AE8FF5C008393DE /* Resources */,
			);
			buildRules = (
			);
			dependencies = (
				62C2ACBF1AE8FF5C008393DE /* PBXTargetDependency */,
			);
			name = ElStudioTests;
			productName = ElStudioTests;
			productReference = 62C2ACBD1AE8FF5C008393DE /* ElStudioTests.xctest */;
			productType = "com.apple.product-type.bundle.unit-test";
		};
/* End PBXNativeTarget section */

/* Begin PBXProject section */
		62C2AC9C1AE8FF5B008393DE /* Project object */ = {
			isa = PBXProject;
			attributes = {
				LastUpgradeCheck = 0620;
				ORGANIZATIONNAME = "John Maher";
				TargetAttributes = {
					62C2ACA31AE8FF5B008393DE = {
						CreatedOnToolsVersion = 6.2;
					};
					62C2ACBC1AE8FF5C008393DE = {
						CreatedOnToolsVersion = 6.2;
						TestTargetID = 62C2ACA31AE8FF5B008393DE;
					};
				};
			};
			buildConfigurationList = 62C2AC9F1AE8FF5B008393DE /* Build configuration list for PBXProject "ElStudio" */;
			compatibilityVersion = "Xcode 3.2";
			developmentRegion = English;
			hasScannedForEncodings = 0;
			knownRegions = (
				en,
				Base,
			);
			mainGroup = 62C2AC9B1AE8FF5B008393DE;
			productRefGroup = 62C2ACA51AE8FF5B008393DE /* Products */;
			projectDirPath = "";
			projectRoot = "";
			targets = (
				62C2ACA31AE8FF5B008393DE /* ElStudio */,
				62C2ACBC1AE8FF5C008393DE /* ElStudioTests */,
			);
		};
/* End PBXProject section */

/* Begin PBXResourcesBuildPhase section */
		62C2ACA21AE8FF5B008393DE /* Resources */ = {
			isa = PBXResourcesBuildPhase;
			buildActionMask = 2147483647;
			files = (
				62C77CFE1AEE905200BB3D48 /* ELCAssetTablePicker.xib in Resources */,
				62C77CFC1AEE905200BB3D48 /* ELCAlbumPickerController.xib in Resources */,
				62C77D161AEEA07700BB3D48 /* ShowImageTableViewCell.xib in Resources */,
				62C77CFF1AEE905200BB3D48 /* Overlay.png in Resources */,
				62C2ACB31AE8FF5B008393DE /* Main.storyboard in Resources */,
				62C2ACB81AE8FF5B008393DE /* LaunchScreen.xib in Resources */,
				62C77D001AEE905200BB3D48 /* Overlay@2x.png in Resources */,
				62C2ACB51AE8FF5B008393DE /* Images.xcassets in Resources */,
				62C77CFD1AEE905200BB3D48 /* ELCAssetPicker.xib in Resources */,
			);
			runOnlyForDeploymentPostprocessing = 0;
		};
		62C2ACBB1AE8FF5C008393DE /* Resources */ = {
			isa = PBXResourcesBuildPhase;
			buildActionMask = 2147483647;
			files = (
			);
			runOnlyForDeploymentPostprocessing = 0;
		};
/* End PBXResourcesBuildPhase section */

/* Begin PBXSourcesBuildPhase section */
		62C2ACA01AE8FF5B008393DE /* Sources */ = {
			isa = PBXSourcesBuildPhase;
			buildActionMask = 2147483647;
			files = (
				628930571B11E98200076F3F /* uncompr.c in Sources */,
				628930521B11E98200076F3F /* infback.c in Sources */,
				622E47A91B1B016A00E4C5E3 /* InstagramModel.m in Sources */,
				628930451B11E98200076F3F /* FileInZipInfo.m in Sources */,
				628930481B11E98200076F3F /* ZipReadStream.m in Sources */,
				62C77D011AEE905200BB3D48 /* ELCImagePickerDemoAppDelegate.m in Sources */,
				62C7C2E51AEF7B8700563DD6 /* AffineImageViewController.m in Sources */,
				6228FD2C1B02323600B0D759 /* WholeOrder.m in Sources */,
				62C77CF71AEE905200BB3D48 /* ELCAssetCell.m in Sources */,
				628930581B11E98200076F3F /* zutil.c in Sources */,
				881CA3A41AF5307A0097FEBE /* GRStreamInfo.m in Sources */,
				622E47D01B1B03CE00E4C5E3 /* InstagramViewController.m in Sources */,
				622E47C91B1B01A100E4C5E3 /* AFURLRequestSerialization.m in Sources */,
				62C77CFB1AEE905200BB3D48 /* ELCOverlayImageView.m in Sources */,
				628930421B11E98100076F3F /* ioapi.c in Sources */,
				622E47A81B1B016A00E4C5E3 /* InstagramMedia.m in Sources */,
				622E47C41B1B01A100E4C5E3 /* AFHTTPRequestOperationManager.m in Sources */,
				622E47A51B1B016A00E4C5E3 /* InstagramEngine.m in Sources */,
				622E47AB1B1B016A00E4C5E3 /* InstagramTag.m in Sources */,
				62C77CF51AEE905200BB3D48 /* ELCAlbumPickerController.m in Sources */,
				6229AE6E1B03964E00EE7FD4 /* CurrentThankYouViewController.m in Sources */,
				881CA39D1AF5307A0097FEBE /* GRDeleteRequest.m in Sources */,
				881CA3A31AF5307A0097FEBE /* GRQueue.m in Sources */,
				622E47D91B1B129500E4C5E3 /* IKCell.m in Sources */,
				62C77CFA1AEE905200BB3D48 /* ELCImagePickerController.m in Sources */,
				881CA39B1AF5307A0097FEBE /* README.md in Sources */,
				622E47AA1B1B016A00E4C5E3 /* InstagramPaginationInfo.m in Sources */,
				6289304D1B11E98200076F3F /* deflate.c in Sources */,
				628930541B11E98200076F3F /* inflate.c in Sources */,
				6228FD231B02253300B0D759 /* OrderItem.m in Sources */,
				628930561B11E98200076F3F /* trees.c in Sources */,
				622E47CB1B1B01A100E4C5E3 /* AFURLSessionManager.m in Sources */,
				622E47C71B1B01A100E4C5E3 /* AFSecurityPolicy.m in Sources */,
				622E47A71B1B016A00E4C5E3 /* InstagramLocation.m in Sources */,
				62C77D151AEEA07700BB3D48 /* ShowImageTableViewCell.m in Sources */,
				622E47D31B1B114C00E4C5E3 /* InstagramCollectionViewController.m in Sources */,
				622E47C61B1B01A100E4C5E3 /* AFNetworkReachabilityManager.m in Sources */,
				628930551B11E98200076F3F /* inftrees.c in Sources */,
				6289304C1B11E98200076F3F /* crc32.c in Sources */,
				6228FD1E1B021FF300B0D759 /* ProductsTableViewController.m in Sources */,
				622E47C31B1B01A100E4C5E3 /* AFHTTPRequestOperation.m in Sources */,
				881CA39F1AF5307A0097FEBE /* GRListingRequest.m in Sources */,
				6289304B1B11E98200076F3F /* compress.c in Sources */,
				628930501B11E98200076F3F /* gzread.c in Sources */,
				6289304A1B11E98200076F3F /* adler32.c in Sources */,
				881CA3A21AF5307A0097FEBE /* GRError.m in Sources */,
				62C77CF91AEE905200BB3D48 /* ELCConsole.m in Sources */,
				622E47C81B1B01A100E4C5E3 /* AFURLConnectionOperation.m in Sources */,
				628930431B11E98200076F3F /* unzip.c in Sources */,
				62C77CF81AEE905200BB3D48 /* ELCAssetTablePicker.m in Sources */,
				622E47A61B1B016A00E4C5E3 /* InstagramComment.m in Sources */,
				622307AA1B04B574009973AD /* CartTableViewController.m in Sources */,
				62C77CF61AEE905200BB3D48 /* ELCAsset.m in Sources */,
				6228FD291B0231E400B0D759 /* Order.m in Sources */,
				6228FD261B0226D100B0D759 /* CurrentOrderManager.m in Sources */,
				622E47C51B1B01A100E4C5E3 /* AFHTTPSessionManager.m in Sources */,
				622E47DA1B1B129500E4C5E3 /* IKMediaCell.m in Sources */,
				628930441B11E98200076F3F /* zip.c in Sources */,
				6289304F1B11E98200076F3F /* gzlib.c in Sources */,
				628930531B11E98200076F3F /* inffast.c in Sources */,
				881CA39E1AF5307A0097FEBE /* GRDownloadRequest.m in Sources */,
				6289304E1B11E98200076F3F /* gzclose.c in Sources */,
				62C2ACB01AE8FF5B008393DE /* ViewController.m in Sources */,
				887437F51AED917F00D0BFD2 /* MakeOrderViewController.m in Sources */,
				6229AE721B0398C900EE7FD4 /* HomeViewController.m in Sources */,
				628930511B11E98200076F3F /* gzwrite.c in Sources */,
				621741B61B14A0A200CFD754 /* UIDeviceHardware.m in Sources */,
				881CA39A1AF5307A0097FEBE /* GRRequestsManager.m in Sources */,
				62C2ACAD1AE8FF5B008393DE /* AppDelegate.m in Sources */,
				622E47E01B1B22A700E4C5E3 /* IKLoginViewController.m in Sources */,
				622E47CA1B1B01A100E4C5E3 /* AFURLResponseSerialization.m in Sources */,
				628930491B11E98200076F3F /* ZipWriteStream.m in Sources */,
				62C77D111AEEA04A00BB3D48 /* ShowImagesViewController.m in Sources */,
				622E47AC1B1B016A00E4C5E3 /* InstagramUser.m in Sources */,
				881CA3A11AF5307A0097FEBE /* GRUploadRequest.m in Sources */,
				622E47DD1B1B1EDF00E4C5E3 /* IKCollectionViewController.m in Sources */,
				628930471B11E98200076F3F /* ZipFile.m in Sources */,
				628930461B11E98200076F3F /* ZipException.m in Sources */,
				62C2ACAA1AE8FF5B008393DE /* main.m in Sources */,
				62C77D021AEE905200BB3D48 /* ELCImagePickerDemoViewController.m in Sources */,
				881CA39C1AF5307A0097FEBE /* GRCreateDirectoryRequest.m in Sources */,
				622E47CC1B1B01A100E4C5E3 /* UIImageView+AFNetworking.m in Sources */,
				881CA3A01AF5307A0097FEBE /* GRRequest.m in Sources */,
			);
			runOnlyForDeploymentPostprocessing = 0;
		};
		62C2ACB91AE8FF5C008393DE /* Sources */ = {
			isa = PBXSourcesBuildPhase;
			buildActionMask = 2147483647;
			files = (
				62C2ACC41AE8FF5C008393DE /* ElStudioTests.m in Sources */,
			);
			runOnlyForDeploymentPostprocessing = 0;
		};
/* End PBXSourcesBuildPhase section */

/* Begin PBXTargetDependency section */
		62C2ACBF1AE8FF5C008393DE /* PBXTargetDependency */ = {
			isa = PBXTargetDependency;
			target = 62C2ACA31AE8FF5B008393DE /* ElStudio */;
			targetProxy = 62C2ACBE1AE8FF5C008393DE /* PBXContainerItemProxy */;
		};
/* End PBXTargetDependency section */

/* Begin PBXVariantGroup section */
		62C2ACB11AE8FF5B008393DE /* Main.storyboard */ = {
			isa = PBXVariantGroup;
			children = (
				62C2ACB21AE8FF5B008393DE /* Base */,
			);
			name = Main.storyboard;
			sourceTree = "<group>";
		};
		62C2ACB61AE8FF5B008393DE /* LaunchScreen.xib */ = {
			isa = PBXVariantGroup;
			children = (
				62C2ACB71AE8FF5B008393DE /* Base */,
			);
			name = LaunchScreen.xib;
			sourceTree = "<group>";
		};
/* End PBXVariantGroup section */

/* Begin XCBuildConfiguration section */
		62C2ACC51AE8FF5C008393DE /* Debug */ = {
			isa = XCBuildConfiguration;
			buildSettings = {
				ALWAYS_SEARCH_USER_PATHS = NO;
				CLANG_CXX_LANGUAGE_STANDARD = "gnu++0x";
				CLANG_CXX_LIBRARY = "libc++";
				CLANG_ENABLE_MODULES = YES;
				CLANG_ENABLE_OBJC_ARC = YES;
				CLANG_WARN_BOOL_CONVERSION = YES;
				CLANG_WARN_CONSTANT_CONVERSION = YES;
				CLANG_WARN_DIRECT_OBJC_ISA_USAGE = YES_ERROR;
				CLANG_WARN_EMPTY_BODY = YES;
				CLANG_WARN_ENUM_CONVERSION = YES;
				CLANG_WARN_INT_CONVERSION = YES;
				CLANG_WARN_OBJC_ROOT_CLASS = YES_ERROR;
				CLANG_WARN_UNREACHABLE_CODE = YES;
				CLANG_WARN__DUPLICATE_METHOD_MATCH = YES;
				"CODE_SIGN_IDENTITY[sdk=iphoneos*]" = "iPhone Developer";
				COPY_PHASE_STRIP = NO;
				ENABLE_STRICT_OBJC_MSGSEND = YES;
				GCC_C_LANGUAGE_STANDARD = gnu99;
				GCC_DYNAMIC_NO_PIC = NO;
				GCC_OPTIMIZATION_LEVEL = 0;
				GCC_PREPROCESSOR_DEFINITIONS = (
					"DEBUG=1",
					"$(inherited)",
				);
				GCC_SYMBOLS_PRIVATE_EXTERN = NO;
				GCC_WARN_64_TO_32_BIT_CONVERSION = YES;
				GCC_WARN_ABOUT_RETURN_TYPE = YES_ERROR;
				GCC_WARN_UNDECLARED_SELECTOR = YES;
				GCC_WARN_UNINITIALIZED_AUTOS = YES_AGGRESSIVE;
				GCC_WARN_UNUSED_FUNCTION = YES;
				GCC_WARN_UNUSED_VARIABLE = YES;
				IPHONEOS_DEPLOYMENT_TARGET = 8.2;
				MTL_ENABLE_DEBUG_INFO = YES;
				ONLY_ACTIVE_ARCH = YES;
				SDKROOT = iphoneos;
				TARGETED_DEVICE_FAMILY = "1,2";
			};
			name = Debug;
		};
		62C2ACC61AE8FF5C008393DE /* Release */ = {
			isa = XCBuildConfiguration;
			buildSettings = {
				ALWAYS_SEARCH_USER_PATHS = NO;
				CLANG_CXX_LANGUAGE_STANDARD = "gnu++0x";
				CLANG_CXX_LIBRARY = "libc++";
				CLANG_ENABLE_MODULES = YES;
				CLANG_ENABLE_OBJC_ARC = YES;
				CLANG_WARN_BOOL_CONVERSION = YES;
				CLANG_WARN_CONSTANT_CONVERSION = YES;
				CLANG_WARN_DIRECT_OBJC_ISA_USAGE = YES_ERROR;
				CLANG_WARN_EMPTY_BODY = YES;
				CLANG_WARN_ENUM_CONVERSION = YES;
				CLANG_WARN_INT_CONVERSION = YES;
				CLANG_WARN_OBJC_ROOT_CLASS = YES_ERROR;
				CLANG_WARN_UNREACHABLE_CODE = YES;
				CLANG_WARN__DUPLICATE_METHOD_MATCH = YES;
				"CODE_SIGN_IDENTITY[sdk=iphoneos*]" = "iPhone Developer";
				COPY_PHASE_STRIP = NO;
				ENABLE_NS_ASSERTIONS = NO;
				ENABLE_STRICT_OBJC_MSGSEND = YES;
				GCC_C_LANGUAGE_STANDARD = gnu99;
				GCC_WARN_64_TO_32_BIT_CONVERSION = YES;
				GCC_WARN_ABOUT_RETURN_TYPE = YES_ERROR;
				GCC_WARN_UNDECLARED_SELECTOR = YES;
				GCC_WARN_UNINITIALIZED_AUTOS = YES_AGGRESSIVE;
				GCC_WARN_UNUSED_FUNCTION = YES;
				GCC_WARN_UNUSED_VARIABLE = YES;
				IPHONEOS_DEPLOYMENT_TARGET = 8.2;
				MTL_ENABLE_DEBUG_INFO = NO;
				SDKROOT = iphoneos;
				TARGETED_DEVICE_FAMILY = "1,2";
				VALIDATE_PRODUCT = YES;
			};
			name = Release;
		};
		62C2ACC81AE8FF5C008393DE /* Debug */ = {
			isa = XCBuildConfiguration;
			buildSettings = {
				ASSETCATALOG_COMPILER_APPICON_NAME = AppIcon;
				INFOPLIST_FILE = ElStudio/Info.plist;
				IPHONEOS_DEPLOYMENT_TARGET = 6.1;
				LD_RUNPATH_SEARCH_PATHS = "$(inherited) @executable_path/Frameworks";
				PRODUCT_NAME = "$(TARGET_NAME)";
			};
			name = Debug;
		};
		62C2ACC91AE8FF5C008393DE /* Release */ = {
			isa = XCBuildConfiguration;
			buildSettings = {
				ASSETCATALOG_COMPILER_APPICON_NAME = AppIcon;
				INFOPLIST_FILE = ElStudio/Info.plist;
				IPHONEOS_DEPLOYMENT_TARGET = 6.1;
				LD_RUNPATH_SEARCH_PATHS = "$(inherited) @executable_path/Frameworks";
				PRODUCT_NAME = "$(TARGET_NAME)";
			};
			name = Release;
		};
		62C2ACCB1AE8FF5C008393DE /* Debug */ = {
			isa = XCBuildConfiguration;
			buildSettings = {
				BUNDLE_LOADER = "$(TEST_HOST)";
				FRAMEWORK_SEARCH_PATHS = (
					"$(SDKROOT)/Developer/Library/Frameworks",
					"$(inherited)",
				);
				GCC_PREPROCESSOR_DEFINITIONS = (
					"DEBUG=1",
					"$(inherited)",
				);
				INFOPLIST_FILE = ElStudioTests/Info.plist;
				LD_RUNPATH_SEARCH_PATHS = "$(inherited) @executable_path/Frameworks @loader_path/Frameworks";
				PRODUCT_NAME = "$(TARGET_NAME)";
				TEST_HOST = "$(BUILT_PRODUCTS_DIR)/ElStudio.app/ElStudio";
			};
			name = Debug;
		};
		62C2ACCC1AE8FF5C008393DE /* Release */ = {
			isa = XCBuildConfiguration;
			buildSettings = {
				BUNDLE_LOADER = "$(TEST_HOST)";
				FRAMEWORK_SEARCH_PATHS = (
					"$(SDKROOT)/Developer/Library/Frameworks",
					"$(inherited)",
				);
				INFOPLIST_FILE = ElStudioTests/Info.plist;
				LD_RUNPATH_SEARCH_PATHS = "$(inherited) @executable_path/Frameworks @loader_path/Frameworks";
				PRODUCT_NAME = "$(TARGET_NAME)";
				TEST_HOST = "$(BUILT_PRODUCTS_DIR)/ElStudio.app/ElStudio";
			};
			name = Release;
		};
/* End XCBuildConfiguration section */

/* Begin XCConfigurationList section */
		62C2AC9F1AE8FF5B008393DE /* Build configuration list for PBXProject "ElStudio" */ = {
			isa = XCConfigurationList;
			buildConfigurations = (
				62C2ACC51AE8FF5C008393DE /* Debug */,
				62C2ACC61AE8FF5C008393DE /* Release */,
			);
			defaultConfigurationIsVisible = 0;
			defaultConfigurationName = Release;
		};
		62C2ACC71AE8FF5C008393DE /* Build configuration list for PBXNativeTarget "ElStudio" */ = {
			isa = XCConfigurationList;
			buildConfigurations = (
				62C2ACC81AE8FF5C008393DE /* Debug */,
				62C2ACC91AE8FF5C008393DE /* Release */,
			);
			defaultConfigurationIsVisible = 0;
			defaultConfigurationName = Release;
		};
		62C2ACCA1AE8FF5C008393DE /* Build configuration list for PBXNativeTarget "ElStudioTests" */ = {
			isa = XCConfigurationList;
			buildConfigurations = (
				62C2ACCB1AE8FF5C008393DE /* Debug */,
				62C2ACCC1AE8FF5C008393DE /* Release */,
			);
			defaultConfigurationIsVisible = 0;
			defaultConfigurationName = Release;
		};
/* End XCConfigurationList section */
	};
	rootObject = 62C2AC9C1AE8FF5B008393DE /* Project object */;
}
